
Microsoft Visual Studio Solution File, Format Version 12.00
# Visual Studio Version 16
VisualStudioVersion = 16.0.30503.244
MinimumVisualStudioVersion = 10.0.40219.1
Project("{9A19103F-16F7-4668-BE54-9A1E7A4F7556}") = "Fibonacci 1.0", "Fibonacci 1.0\Fibonacci 1.0.csproj", "{1C038472-8447-4150-8110-43444C503EC9}"
EndProject
Project("{9A19103F-16F7-4668-BE54-9A1E7A4F7556}") = "Fibonaci 2.0", "Fibonaci 2.0\Fibonaci 2.0.csproj", "{43C2BBB4-54E0-4BB3-A288-266828D6D949}"
EndProject
Project("{9A19103F-16F7-4668-BE54-9A1E7A4F7556}") = "Knapsack 1.0", "Knapsack 1.0\Knapsack 1.0.csproj", "{EA88DEFD-3071-425F-8D9C-42282D84E827}"
EndProject
Project("{9A19103F-16F7-4668-BE54-9A1E7A4F7556}") = "Knapsack 2.0", "Knapsack 2.0\Knapsack 2.0.csproj", "{E7DD1F2E-18D0-4DEC-AF9C-E5EE87FF6081}"
EndProject
Project("{FAE04EC0-301F-11D3-BF4B-00C04F79EFBC}") = "1. Alley", "1. Alley\1. Alley.csproj", "{6317BB4E-AECC-4789-A750-5F4CB4A3B3A4}"
EndProject
Project("{FAE04EC0-301F-11D3-BF4B-00C04F79EFBC}") = "2. Triangle of Numbers", "2. Triangle of Numbers\2. Triangle of Numbers.csproj", "{2DD71AFA-BF4C-42EB-8823-188AE69FB66B}"
EndProject
Global
	GlobalSection(SolutionConfigurationPlatforms) = preSolution
		Debug|Any CPU = Debug|Any CPU
		Release|Any CPU = Release|Any CPU
	EndGlobalSection
	GlobalSection(ProjectConfigurationPlatforms) = postSolution
		{1C038472-8447-4150-8110-43444C503EC9}.Debug|Any CPU.ActiveCfg = Debug|Any CPU
		{1C038472-8447-4150-8110-43444C503EC9}.Debug|Any CPU.Build.0 = Debug|Any CPU
		{1C038472-8447-4150-8110-43444C503EC9}.Release|Any CPU.ActiveCfg = Release|Any CPU
		{1C038472-8447-4150-8110-43444C503EC9}.Release|Any CPU.Build.0 = Release|Any CPU
		{43C2BBB4-54E0-4BB3-A288-266828D6D949}.Debug|Any CPU.ActiveCfg = Debug|Any CPU
		{43C2BBB4-54E0-4BB3-A288-266828D6D949}.Debug|Any CPU.Build.0 = Debug|Any CPU
		{43C2BBB4-54E0-4BB3-A288-266828D6D949}.Release|Any CPU.ActiveCfg = Release|Any CPU
		{43C2BBB4-54E0-4BB3-A288-266828D6D949}.Release|Any CPU.Build.0 = Release|Any CPU
		{EA88DEFD-3071-425F-8D9C-42282D84E827}.Debug|Any CPU.ActiveCfg = Debug|Any CPU
		{EA88DEFD-3071-425F-8D9C-42282D84E827}.Debug|Any CPU.Build.0 = Debug|Any CPU
		{EA88DEFD-3071-425F-8D9C-42282D84E827}.Release|Any CPU.ActiveCfg = Release|Any CPU
		{EA88DEFD-3071-425F-8D9C-42282D84E827}.Release|Any CPU.Build.0 = Release|Any CPU
		{E7DD1F2E-18D0-4DEC-AF9C-E5EE87FF6081}.Debug|Any CPU.ActiveCfg = Debug|Any CPU
		{E7DD1F2E-18D0-4DEC-AF9C-E5EE87FF6081}.Debug|Any CPU.Build.0 = Debug|Any CPU
		{E7DD1F2E-18D0-4DEC-AF9C-E5EE87FF6081}.Release|Any CPU.ActiveCfg = Release|Any CPU
		{E7DD1F2E-18D0-4DEC-AF9C-E5EE87FF6081}.Release|Any CPU.Build.0 = Release|Any CPU
		{6317BB4E-AECC-4789-A750-5F4CB4A3B3A4}.Debug|Any CPU.ActiveCfg = Debug|Any CPU
		{6317BB4E-AECC-4789-A750-5F4CB4A3B3A4}.Debug|Any CPU.Build.0 = Debug|Any CPU
		{6317BB4E-AECC-4789-A750-5F4CB4A3B3A4}.Release|Any CPU.ActiveCfg = Release|Any CPU
		{6317BB4E-AECC-4789-A750-5F4CB4A3B3A4}.Release|Any CPU.Build.0 = Release|Any CPU
		{2DD71AFA-BF4C-42EB-8823-188AE69FB66B}.Debug|Any CPU.ActiveCfg = Debug|Any CPU
		{2DD71AFA-BF4C-42EB-8823-188AE69FB66B}.Debug|Any CPU.Build.0 = Debug|Any CPU
		{2DD71AFA-BF4C-42EB-8823-188AE69FB66B}.Release|Any CPU.ActiveCfg = Release|Any CPU
		{2DD71AFA-BF4C-42EB-8823-188AE69FB66B}.Release|Any CPU.Build.0 = Release|Any CPU
	EndGlobalSection
	GlobalSection(SolutionProperties) = preSolution
		HideSolutionNode = FALSE
	EndGlobalSection
	GlobalSection(ExtensibilityGlobals) = postSolution
		SolutionGuid = {7AC9EEDD-5D8F-4ED2-B125-73A099CC5EA0}
	EndGlobalSection
EndGlobal
