
Microsoft Visual Studio Solution File, Format Version 12.00
# Visual Studio 15
VisualStudioVersion = 15.0.27130.2036
MinimumVisualStudioVersion = 10.0.40219.1
Project("{FAE04EC0-301F-11D3-BF4B-00C04F79EFBC}") = "Task 01", "Task 01\Task 01.csproj", "{D280687E-C951-4954-A5FD-8ED0E6CFBFBB}"
EndProject
Project("{FAE04EC0-301F-11D3-BF4B-00C04F79EFBC}") = "Task 02", "Task 02\Task 02.csproj", "{71EE0F93-DCC8-4ABE-B389-D48172DDA699}"
EndProject
Project("{FAE04EC0-301F-11D3-BF4B-00C04F79EFBC}") = "Task 03", "Task 03\Task 03.csproj", "{9314D4D5-3F7A-4BAB-AC79-EBE4071D9AB1}"
EndProject
Project("{FAE04EC0-301F-11D3-BF4B-00C04F79EFBC}") = "Task 04", "Task 04\Task 04.csproj", "{B57954E1-F84C-4581-BF66-2B31D887EAD5}"
EndProject
Project("{FAE04EC0-301F-11D3-BF4B-00C04F79EFBC}") = "Task 05", "Task 05\Task 05.csproj", "{741FB95D-F85D-4303-A01E-06D2A2769BDD}"
EndProject
Project("{FAE04EC0-301F-11D3-BF4B-00C04F79EFBC}") = "Task 06", "Task 06\Task 06.csproj", "{1F325C31-8930-48D2-8419-1825A5F514F0}"
EndProject
Project("{FAE04EC0-301F-11D3-BF4B-00C04F79EFBC}") = "Task 07", "Task 07\Task 07.csproj", "{A1657244-7FC0-4D5C-9607-98140703F6CA}"
EndProject
Project("{FAE04EC0-301F-11D3-BF4B-00C04F79EFBC}") = "Task 08", "Task 08\Task 08.csproj", "{29F36885-8855-4933-85A1-0660D21E4E7E}"
EndProject
Project("{FAE04EC0-301F-11D3-BF4B-00C04F79EFBC}") = "Task 09", "Task 09\Task 09.csproj", "{387C0C84-CE31-49AB-A854-56BCF305AD31}"
EndProject
Project("{FAE04EC0-301F-11D3-BF4B-00C04F79EFBC}") = "Task 10", "Task 10\Task 10.csproj", "{3A0F933E-0498-4990-9BD1-08DD2F1DCEDB}"
EndProject
Project("{FAE04EC0-301F-11D3-BF4B-00C04F79EFBC}") = "Task 11", "Task 11\Task 11.csproj", "{D4F4D278-B979-4C72-A312-C36E16AAEDE2}"
EndProject
Global
	GlobalSection(SolutionConfigurationPlatforms) = preSolution
		Debug|Any CPU = Debug|Any CPU
		Release|Any CPU = Release|Any CPU
	EndGlobalSection
	GlobalSection(ProjectConfigurationPlatforms) = postSolution
		{D280687E-C951-4954-A5FD-8ED0E6CFBFBB}.Debug|Any CPU.ActiveCfg = Debug|Any CPU
		{D280687E-C951-4954-A5FD-8ED0E6CFBFBB}.Debug|Any CPU.Build.0 = Debug|Any CPU
		{D280687E-C951-4954-A5FD-8ED0E6CFBFBB}.Release|Any CPU.ActiveCfg = Release|Any CPU
		{D280687E-C951-4954-A5FD-8ED0E6CFBFBB}.Release|Any CPU.Build.0 = Release|Any CPU
		{71EE0F93-DCC8-4ABE-B389-D48172DDA699}.Debug|Any CPU.ActiveCfg = Debug|Any CPU
		{71EE0F93-DCC8-4ABE-B389-D48172DDA699}.Debug|Any CPU.Build.0 = Debug|Any CPU
		{71EE0F93-DCC8-4ABE-B389-D48172DDA699}.Release|Any CPU.ActiveCfg = Release|Any CPU
		{71EE0F93-DCC8-4ABE-B389-D48172DDA699}.Release|Any CPU.Build.0 = Release|Any CPU
		{9314D4D5-3F7A-4BAB-AC79-EBE4071D9AB1}.Debug|Any CPU.ActiveCfg = Debug|Any CPU
		{9314D4D5-3F7A-4BAB-AC79-EBE4071D9AB1}.Debug|Any CPU.Build.0 = Debug|Any CPU
		{9314D4D5-3F7A-4BAB-AC79-EBE4071D9AB1}.Release|Any CPU.ActiveCfg = Release|Any CPU
		{9314D4D5-3F7A-4BAB-AC79-EBE4071D9AB1}.Release|Any CPU.Build.0 = Release|Any CPU
		{B57954E1-F84C-4581-BF66-2B31D887EAD5}.Debug|Any CPU.ActiveCfg = Debug|Any CPU
		{B57954E1-F84C-4581-BF66-2B31D887EAD5}.Debug|Any CPU.Build.0 = Debug|Any CPU
		{B57954E1-F84C-4581-BF66-2B31D887EAD5}.Release|Any CPU.ActiveCfg = Release|Any CPU
		{B57954E1-F84C-4581-BF66-2B31D887EAD5}.Release|Any CPU.Build.0 = Release|Any CPU
		{741FB95D-F85D-4303-A01E-06D2A2769BDD}.Debug|Any CPU.ActiveCfg = Debug|Any CPU
		{741FB95D-F85D-4303-A01E-06D2A2769BDD}.Debug|Any CPU.Build.0 = Debug|Any CPU
		{741FB95D-F85D-4303-A01E-06D2A2769BDD}.Release|Any CPU.ActiveCfg = Release|Any CPU
		{741FB95D-F85D-4303-A01E-06D2A2769BDD}.Release|Any CPU.Build.0 = Release|Any CPU
		{1F325C31-8930-48D2-8419-1825A5F514F0}.Debug|Any CPU.ActiveCfg = Debug|Any CPU
		{1F325C31-8930-48D2-8419-1825A5F514F0}.Debug|Any CPU.Build.0 = Debug|Any CPU
		{1F325C31-8930-48D2-8419-1825A5F514F0}.Release|Any CPU.ActiveCfg = Release|Any CPU
		{1F325C31-8930-48D2-8419-1825A5F514F0}.Release|Any CPU.Build.0 = Release|Any CPU
		{A1657244-7FC0-4D5C-9607-98140703F6CA}.Debug|Any CPU.ActiveCfg = Debug|Any CPU
		{A1657244-7FC0-4D5C-9607-98140703F6CA}.Debug|Any CPU.Build.0 = Debug|Any CPU
		{A1657244-7FC0-4D5C-9607-98140703F6CA}.Release|Any CPU.ActiveCfg = Release|Any CPU
		{A1657244-7FC0-4D5C-9607-98140703F6CA}.Release|Any CPU.Build.0 = Release|Any CPU
		{29F36885-8855-4933-85A1-0660D21E4E7E}.Debug|Any CPU.ActiveCfg = Debug|Any CPU
		{29F36885-8855-4933-85A1-0660D21E4E7E}.Debug|Any CPU.Build.0 = Debug|Any CPU
		{29F36885-8855-4933-85A1-0660D21E4E7E}.Release|Any CPU.ActiveCfg = Release|Any CPU
		{29F36885-8855-4933-85A1-0660D21E4E7E}.Release|Any CPU.Build.0 = Release|Any CPU
		{387C0C84-CE31-49AB-A854-56BCF305AD31}.Debug|Any CPU.ActiveCfg = Debug|Any CPU
		{387C0C84-CE31-49AB-A854-56BCF305AD31}.Debug|Any CPU.Build.0 = Debug|Any CPU
		{387C0C84-CE31-49AB-A854-56BCF305AD31}.Release|Any CPU.ActiveCfg = Release|Any CPU
		{387C0C84-CE31-49AB-A854-56BCF305AD31}.Release|Any CPU.Build.0 = Release|Any CPU
		{3A0F933E-0498-4990-9BD1-08DD2F1DCEDB}.Debug|Any CPU.ActiveCfg = Debug|Any CPU
		{3A0F933E-0498-4990-9BD1-08DD2F1DCEDB}.Debug|Any CPU.Build.0 = Debug|Any CPU
		{3A0F933E-0498-4990-9BD1-08DD2F1DCEDB}.Release|Any CPU.ActiveCfg = Release|Any CPU
		{3A0F933E-0498-4990-9BD1-08DD2F1DCEDB}.Release|Any CPU.Build.0 = Release|Any CPU
		{D4F4D278-B979-4C72-A312-C36E16AAEDE2}.Debug|Any CPU.ActiveCfg = Debug|Any CPU
		{D4F4D278-B979-4C72-A312-C36E16AAEDE2}.Debug|Any CPU.Build.0 = Debug|Any CPU
		{D4F4D278-B979-4C72-A312-C36E16AAEDE2}.Release|Any CPU.ActiveCfg = Release|Any CPU
		{D4F4D278-B979-4C72-A312-C36E16AAEDE2}.Release|Any CPU.Build.0 = Release|Any CPU
	EndGlobalSection
	GlobalSection(SolutionProperties) = preSolution
		HideSolutionNode = FALSE
	EndGlobalSection
	GlobalSection(ExtensibilityGlobals) = postSolution
		SolutionGuid = {E858CD48-809A-4674-8951-133641179D96}
	EndGlobalSection
EndGlobal
