
Microsoft Visual Studio Solution File, Format Version 12.00
# Visual Studio Version 16
VisualStudioVersion = 16.0.29613.14
MinimumVisualStudioVersion = 10.0.40219.1
Project("{FAE04EC0-301F-11D3-BF4B-00C04F79EFBC}") = "GetSample", "GetSample\GetSample.csproj", "{520A385F-6FCB-48FF-9640-7FD33AF33B17}"
EndProject
Project("{FAE04EC0-301F-11D3-BF4B-00C04F79EFBC}") = "PostSample", "PostSample\PostSample.csproj", "{93111C3E-56ED-47BA-9481-54E491C5942C}"
EndProject
Global
	GlobalSection(SolutionConfigurationPlatforms) = preSolution
		Debug|Any CPU = Debug|Any CPU
		Release|Any CPU = Release|Any CPU
	EndGlobalSection
	GlobalSection(ProjectConfigurationPlatforms) = postSolution
		{520A385F-6FCB-48FF-9640-7FD33AF33B17}.Debug|Any CPU.ActiveCfg = Debug|Any CPU
		{520A385F-6FCB-48FF-9640-7FD33AF33B17}.Debug|Any CPU.Build.0 = Debug|Any CPU
		{520A385F-6FCB-48FF-9640-7FD33AF33B17}.Release|Any CPU.ActiveCfg = Release|Any CPU
		{520A385F-6FCB-48FF-9640-7FD33AF33B17}.Release|Any CPU.Build.0 = Release|Any CPU
		{93111C3E-56ED-47BA-9481-54E491C5942C}.Debug|Any CPU.ActiveCfg = Debug|Any CPU
		{93111C3E-56ED-47BA-9481-54E491C5942C}.Debug|Any CPU.Build.0 = Debug|Any CPU
		{93111C3E-56ED-47BA-9481-54E491C5942C}.Release|Any CPU.ActiveCfg = Release|Any CPU
		{93111C3E-56ED-47BA-9481-54E491C5942C}.Release|Any CPU.Build.0 = Release|Any CPU
	EndGlobalSection
	GlobalSection(SolutionProperties) = preSolution
		HideSolutionNode = FALSE
	EndGlobalSection
	GlobalSection(ExtensibilityGlobals) = postSolution
		SolutionGuid = {7866C4F9-1955-444A-8B6D-EA65BB97BFF2}
	EndGlobalSection
EndGlobal
