
Microsoft Visual Studio Solution File, Format Version 12.00
# Visual Studio 15
VisualStudioVersion = 15.0.28307.421
MinimumVisualStudioVersion = 10.0.40219.1
Project("{FAE04EC0-301F-11D3-BF4B-00C04F79EFBC}") = "01. JsonApp", "01. JsonApp\01. JsonApp.csproj", "{F69F5B37-8D06-4817-8740-0C4EBC6C5EE5}"
EndProject
Project("{FAE04EC0-301F-11D3-BF4B-00C04F79EFBC}") = "02. ChuckNorris", "02. ChuckNorris\02. ChuckNorris.csproj", "{7C175383-C0E5-484F-A54D-3F2E8CF26824}"
EndProject
Project("{FAE04EC0-301F-11D3-BF4B-00C04F79EFBC}") = "03. ChuckNorris UWP", "03. ChuckNorris UWP\03. ChuckNorris UWP.csproj", "{4AB392F7-BD4A-4896-AF82-4E1AEC6D0B50}"
EndProject
Global
	GlobalSection(SolutionConfigurationPlatforms) = preSolution
		Debug|Any CPU = Debug|Any CPU
		Debug|ARM = Debug|ARM
		Debug|ARM64 = Debug|ARM64
		Debug|x64 = Debug|x64
		Debug|x86 = Debug|x86
		Release|Any CPU = Release|Any CPU
		Release|ARM = Release|ARM
		Release|ARM64 = Release|ARM64
		Release|x64 = Release|x64
		Release|x86 = Release|x86
	EndGlobalSection
	GlobalSection(ProjectConfigurationPlatforms) = postSolution
		{F69F5B37-8D06-4817-8740-0C4EBC6C5EE5}.Debug|Any CPU.ActiveCfg = Debug|Any CPU
		{F69F5B37-8D06-4817-8740-0C4EBC6C5EE5}.Debug|Any CPU.Build.0 = Debug|Any CPU
		{F69F5B37-8D06-4817-8740-0C4EBC6C5EE5}.Debug|ARM.ActiveCfg = Debug|Any CPU
		{F69F5B37-8D06-4817-8740-0C4EBC6C5EE5}.Debug|ARM.Build.0 = Debug|Any CPU
		{F69F5B37-8D06-4817-8740-0C4EBC6C5EE5}.Debug|ARM64.ActiveCfg = Debug|Any CPU
		{F69F5B37-8D06-4817-8740-0C4EBC6C5EE5}.Debug|ARM64.Build.0 = Debug|Any CPU
		{F69F5B37-8D06-4817-8740-0C4EBC6C5EE5}.Debug|x64.ActiveCfg = Debug|Any CPU
		{F69F5B37-8D06-4817-8740-0C4EBC6C5EE5}.Debug|x64.Build.0 = Debug|Any CPU
		{F69F5B37-8D06-4817-8740-0C4EBC6C5EE5}.Debug|x86.ActiveCfg = Debug|Any CPU
		{F69F5B37-8D06-4817-8740-0C4EBC6C5EE5}.Debug|x86.Build.0 = Debug|Any CPU
		{F69F5B37-8D06-4817-8740-0C4EBC6C5EE5}.Release|Any CPU.ActiveCfg = Release|Any CPU
		{F69F5B37-8D06-4817-8740-0C4EBC6C5EE5}.Release|Any CPU.Build.0 = Release|Any CPU
		{F69F5B37-8D06-4817-8740-0C4EBC6C5EE5}.Release|ARM.ActiveCfg = Release|Any CPU
		{F69F5B37-8D06-4817-8740-0C4EBC6C5EE5}.Release|ARM.Build.0 = Release|Any CPU
		{F69F5B37-8D06-4817-8740-0C4EBC6C5EE5}.Release|ARM64.ActiveCfg = Release|Any CPU
		{F69F5B37-8D06-4817-8740-0C4EBC6C5EE5}.Release|ARM64.Build.0 = Release|Any CPU
		{F69F5B37-8D06-4817-8740-0C4EBC6C5EE5}.Release|x64.ActiveCfg = Release|Any CPU
		{F69F5B37-8D06-4817-8740-0C4EBC6C5EE5}.Release|x64.Build.0 = Release|Any CPU
		{F69F5B37-8D06-4817-8740-0C4EBC6C5EE5}.Release|x86.ActiveCfg = Release|Any CPU
		{F69F5B37-8D06-4817-8740-0C4EBC6C5EE5}.Release|x86.Build.0 = Release|Any CPU
		{7C175383-C0E5-484F-A54D-3F2E8CF26824}.Debug|Any CPU.ActiveCfg = Debug|Any CPU
		{7C175383-C0E5-484F-A54D-3F2E8CF26824}.Debug|Any CPU.Build.0 = Debug|Any CPU
		{7C175383-C0E5-484F-A54D-3F2E8CF26824}.Debug|ARM.ActiveCfg = Debug|Any CPU
		{7C175383-C0E5-484F-A54D-3F2E8CF26824}.Debug|ARM.Build.0 = Debug|Any CPU
		{7C175383-C0E5-484F-A54D-3F2E8CF26824}.Debug|ARM64.ActiveCfg = Debug|Any CPU
		{7C175383-C0E5-484F-A54D-3F2E8CF26824}.Debug|ARM64.Build.0 = Debug|Any CPU
		{7C175383-C0E5-484F-A54D-3F2E8CF26824}.Debug|x64.ActiveCfg = Debug|Any CPU
		{7C175383-C0E5-484F-A54D-3F2E8CF26824}.Debug|x64.Build.0 = Debug|Any CPU
		{7C175383-C0E5-484F-A54D-3F2E8CF26824}.Debug|x86.ActiveCfg = Debug|Any CPU
		{7C175383-C0E5-484F-A54D-3F2E8CF26824}.Debug|x86.Build.0 = Debug|Any CPU
		{7C175383-C0E5-484F-A54D-3F2E8CF26824}.Release|Any CPU.ActiveCfg = Release|Any CPU
		{7C175383-C0E5-484F-A54D-3F2E8CF26824}.Release|Any CPU.Build.0 = Release|Any CPU
		{7C175383-C0E5-484F-A54D-3F2E8CF26824}.Release|ARM.ActiveCfg = Release|Any CPU
		{7C175383-C0E5-484F-A54D-3F2E8CF26824}.Release|ARM.Build.0 = Release|Any CPU
		{7C175383-C0E5-484F-A54D-3F2E8CF26824}.Release|ARM64.ActiveCfg = Release|Any CPU
		{7C175383-C0E5-484F-A54D-3F2E8CF26824}.Release|ARM64.Build.0 = Release|Any CPU
		{7C175383-C0E5-484F-A54D-3F2E8CF26824}.Release|x64.ActiveCfg = Release|Any CPU
		{7C175383-C0E5-484F-A54D-3F2E8CF26824}.Release|x64.Build.0 = Release|Any CPU
		{7C175383-C0E5-484F-A54D-3F2E8CF26824}.Release|x86.ActiveCfg = Release|Any CPU
		{7C175383-C0E5-484F-A54D-3F2E8CF26824}.Release|x86.Build.0 = Release|Any CPU
		{4AB392F7-BD4A-4896-AF82-4E1AEC6D0B50}.Debug|Any CPU.ActiveCfg = Debug|x86
		{4AB392F7-BD4A-4896-AF82-4E1AEC6D0B50}.Debug|ARM.ActiveCfg = Debug|ARM
		{4AB392F7-BD4A-4896-AF82-4E1AEC6D0B50}.Debug|ARM.Build.0 = Debug|ARM
		{4AB392F7-BD4A-4896-AF82-4E1AEC6D0B50}.Debug|ARM.Deploy.0 = Debug|ARM
		{4AB392F7-BD4A-4896-AF82-4E1AEC6D0B50}.Debug|ARM64.ActiveCfg = Debug|ARM64
		{4AB392F7-BD4A-4896-AF82-4E1AEC6D0B50}.Debug|ARM64.Build.0 = Debug|ARM64
		{4AB392F7-BD4A-4896-AF82-4E1AEC6D0B50}.Debug|ARM64.Deploy.0 = Debug|ARM64
		{4AB392F7-BD4A-4896-AF82-4E1AEC6D0B50}.Debug|x64.ActiveCfg = Debug|x64
		{4AB392F7-BD4A-4896-AF82-4E1AEC6D0B50}.Debug|x64.Build.0 = Debug|x64
		{4AB392F7-BD4A-4896-AF82-4E1AEC6D0B50}.Debug|x64.Deploy.0 = Debug|x64
		{4AB392F7-BD4A-4896-AF82-4E1AEC6D0B50}.Debug|x86.ActiveCfg = Debug|x86
		{4AB392F7-BD4A-4896-AF82-4E1AEC6D0B50}.Debug|x86.Build.0 = Debug|x86
		{4AB392F7-BD4A-4896-AF82-4E1AEC6D0B50}.Debug|x86.Deploy.0 = Debug|x86
		{4AB392F7-BD4A-4896-AF82-4E1AEC6D0B50}.Release|Any CPU.ActiveCfg = Release|x86
		{4AB392F7-BD4A-4896-AF82-4E1AEC6D0B50}.Release|ARM.ActiveCfg = Release|ARM
		{4AB392F7-BD4A-4896-AF82-4E1AEC6D0B50}.Release|ARM.Build.0 = Release|ARM
		{4AB392F7-BD4A-4896-AF82-4E1AEC6D0B50}.Release|ARM.Deploy.0 = Release|ARM
		{4AB392F7-BD4A-4896-AF82-4E1AEC6D0B50}.Release|ARM64.ActiveCfg = Release|ARM64
		{4AB392F7-BD4A-4896-AF82-4E1AEC6D0B50}.Release|ARM64.Build.0 = Release|ARM64
		{4AB392F7-BD4A-4896-AF82-4E1AEC6D0B50}.Release|ARM64.Deploy.0 = Release|ARM64
		{4AB392F7-BD4A-4896-AF82-4E1AEC6D0B50}.Release|x64.ActiveCfg = Release|x64
		{4AB392F7-BD4A-4896-AF82-4E1AEC6D0B50}.Release|x64.Build.0 = Release|x64
		{4AB392F7-BD4A-4896-AF82-4E1AEC6D0B50}.Release|x64.Deploy.0 = Release|x64
		{4AB392F7-BD4A-4896-AF82-4E1AEC6D0B50}.Release|x86.ActiveCfg = Release|x86
		{4AB392F7-BD4A-4896-AF82-4E1AEC6D0B50}.Release|x86.Build.0 = Release|x86
		{4AB392F7-BD4A-4896-AF82-4E1AEC6D0B50}.Release|x86.Deploy.0 = Release|x86
	EndGlobalSection
	GlobalSection(SolutionProperties) = preSolution
		HideSolutionNode = FALSE
	EndGlobalSection
	GlobalSection(ExtensibilityGlobals) = postSolution
		SolutionGuid = {A25333C1-D3E8-435E-BEA5-662F7C2A9CA1}
	EndGlobalSection
EndGlobal
