
Microsoft Visual Studio Solution File, Format Version 12.00
# Visual Studio 15
VisualStudioVersion = 15.0.27703.2035
MinimumVisualStudioVersion = 10.0.40219.1
Project("{FAE04EC0-301F-11D3-BF4B-00C04F79EFBC}") = "Problem25", "Problem25\Problem25.csproj", "{CC1F4E51-EE0B-4045-9C5A-C59F125D3FEF}"
EndProject
Global
	GlobalSection(SolutionConfigurationPlatforms) = preSolution
		Debug|Any CPU = Debug|Any CPU
		Release|Any CPU = Release|Any CPU
	EndGlobalSection
	GlobalSection(ProjectConfigurationPlatforms) = postSolution
		{CC1F4E51-EE0B-4045-9C5A-C59F125D3FEF}.Debug|Any CPU.ActiveCfg = Debug|Any CPU
		{CC1F4E51-EE0B-4045-9C5A-C59F125D3FEF}.Debug|Any CPU.Build.0 = Debug|Any CPU
		{CC1F4E51-EE0B-4045-9C5A-C59F125D3FEF}.Release|Any CPU.ActiveCfg = Release|Any CPU
		{CC1F4E51-EE0B-4045-9C5A-C59F125D3FEF}.Release|Any CPU.Build.0 = Release|Any CPU
	EndGlobalSection
	GlobalSection(SolutionProperties) = preSolution
		HideSolutionNode = FALSE
	EndGlobalSection
	GlobalSection(ExtensibilityGlobals) = postSolution
		SolutionGuid = {CC53A98F-2B90-42A0-A973-CFB8510957A9}
	EndGlobalSection
EndGlobal
