
Microsoft Visual Studio Solution File, Format Version 12.00
# Visual Studio 15
VisualStudioVersion = 15.0.28307.329
MinimumVisualStudioVersion = 10.0.40219.1
Project("{FAE04EC0-301F-11D3-BF4B-00C04F79EFBC}") = "1. InstructionSet", "1. InstructionSet\1. InstructionSet.csproj", "{2840B793-B21D-4D8E-BC8C-211EFC39387B}"
EndProject
Project("{9A19103F-16F7-4668-BE54-9A1E7A4F7556}") = "2. InstructionSetTests", "2. InstructionSetTests\2. InstructionSetTests.csproj", "{061AC44E-8050-442D-BB42-F62A2B38422F}"
EndProject
Project("{FAE04EC0-301F-11D3-BF4B-00C04F79EFBC}") = "3. ThreadsDemo", "3. ThreadsDemo\3. ThreadsDemo.csproj", "{A32BD809-F3B0-434F-839C-6E2122AF9768}"
EndProject
Project("{FAE04EC0-301F-11D3-BF4B-00C04F79EFBC}") = "4. BePositive", "4. BePositive\4. BePositive.csproj", "{71E97EA9-CA69-4828-AC7E-588784AF1D13}"
EndProject
Project("{FAE04EC0-301F-11D3-BF4B-00C04F79EFBC}") = "5. ArrayTest", "5. ArrayTest\5. ArrayTest.csproj", "{E3FA090E-6048-4C48-81B7-DBA2C2C7AC2D}"
EndProject
Project("{FAE04EC0-301F-11D3-BF4B-00C04F79EFBC}") = "6. Substring", "6. Substring\6. Substring.csproj", "{358A61A9-4956-4E08-8C87-27FA19652104}"
EndProject
Project("{FAE04EC0-301F-11D3-BF4B-00C04F79EFBC}") = "7. BitCarousel", "7. BitCarousel\7. BitCarousel.csproj", "{3B5A920B-BD94-4595-8BFB-CAB1DA943A6B}"
EndProject
Global
	GlobalSection(SolutionConfigurationPlatforms) = preSolution
		Debug|Any CPU = Debug|Any CPU
		Release|Any CPU = Release|Any CPU
	EndGlobalSection
	GlobalSection(ProjectConfigurationPlatforms) = postSolution
		{2840B793-B21D-4D8E-BC8C-211EFC39387B}.Debug|Any CPU.ActiveCfg = Debug|Any CPU
		{2840B793-B21D-4D8E-BC8C-211EFC39387B}.Debug|Any CPU.Build.0 = Debug|Any CPU
		{2840B793-B21D-4D8E-BC8C-211EFC39387B}.Release|Any CPU.ActiveCfg = Release|Any CPU
		{2840B793-B21D-4D8E-BC8C-211EFC39387B}.Release|Any CPU.Build.0 = Release|Any CPU
		{061AC44E-8050-442D-BB42-F62A2B38422F}.Debug|Any CPU.ActiveCfg = Debug|Any CPU
		{061AC44E-8050-442D-BB42-F62A2B38422F}.Debug|Any CPU.Build.0 = Debug|Any CPU
		{061AC44E-8050-442D-BB42-F62A2B38422F}.Release|Any CPU.ActiveCfg = Release|Any CPU
		{061AC44E-8050-442D-BB42-F62A2B38422F}.Release|Any CPU.Build.0 = Release|Any CPU
		{A32BD809-F3B0-434F-839C-6E2122AF9768}.Debug|Any CPU.ActiveCfg = Debug|Any CPU
		{A32BD809-F3B0-434F-839C-6E2122AF9768}.Debug|Any CPU.Build.0 = Debug|Any CPU
		{A32BD809-F3B0-434F-839C-6E2122AF9768}.Release|Any CPU.ActiveCfg = Release|Any CPU
		{A32BD809-F3B0-434F-839C-6E2122AF9768}.Release|Any CPU.Build.0 = Release|Any CPU
		{71E97EA9-CA69-4828-AC7E-588784AF1D13}.Debug|Any CPU.ActiveCfg = Debug|Any CPU
		{71E97EA9-CA69-4828-AC7E-588784AF1D13}.Debug|Any CPU.Build.0 = Debug|Any CPU
		{71E97EA9-CA69-4828-AC7E-588784AF1D13}.Release|Any CPU.ActiveCfg = Release|Any CPU
		{71E97EA9-CA69-4828-AC7E-588784AF1D13}.Release|Any CPU.Build.0 = Release|Any CPU
		{E3FA090E-6048-4C48-81B7-DBA2C2C7AC2D}.Debug|Any CPU.ActiveCfg = Debug|Any CPU
		{E3FA090E-6048-4C48-81B7-DBA2C2C7AC2D}.Debug|Any CPU.Build.0 = Debug|Any CPU
		{E3FA090E-6048-4C48-81B7-DBA2C2C7AC2D}.Release|Any CPU.ActiveCfg = Release|Any CPU
		{E3FA090E-6048-4C48-81B7-DBA2C2C7AC2D}.Release|Any CPU.Build.0 = Release|Any CPU
		{358A61A9-4956-4E08-8C87-27FA19652104}.Debug|Any CPU.ActiveCfg = Debug|Any CPU
		{358A61A9-4956-4E08-8C87-27FA19652104}.Debug|Any CPU.Build.0 = Debug|Any CPU
		{358A61A9-4956-4E08-8C87-27FA19652104}.Release|Any CPU.ActiveCfg = Release|Any CPU
		{358A61A9-4956-4E08-8C87-27FA19652104}.Release|Any CPU.Build.0 = Release|Any CPU
		{3B5A920B-BD94-4595-8BFB-CAB1DA943A6B}.Debug|Any CPU.ActiveCfg = Debug|Any CPU
		{3B5A920B-BD94-4595-8BFB-CAB1DA943A6B}.Debug|Any CPU.Build.0 = Debug|Any CPU
		{3B5A920B-BD94-4595-8BFB-CAB1DA943A6B}.Release|Any CPU.ActiveCfg = Release|Any CPU
		{3B5A920B-BD94-4595-8BFB-CAB1DA943A6B}.Release|Any CPU.Build.0 = Release|Any CPU
	EndGlobalSection
	GlobalSection(SolutionProperties) = preSolution
		HideSolutionNode = FALSE
	EndGlobalSection
	GlobalSection(ExtensibilityGlobals) = postSolution
		SolutionGuid = {AE66AC81-4398-44F4-AAA7-B95775926CFF}
	EndGlobalSection
EndGlobal
