
Microsoft Visual Studio Solution File, Format Version 12.00
# Visual Studio Version 16
VisualStudioVersion = 16.0.29306.81
MinimumVisualStudioVersion = 10.0.40219.1
Project("{FAE04EC0-301F-11D3-BF4B-00C04F79EFBC}") = "1_Permutations", "1_Permutations\1_Permutations.csproj", "{0F75B4B0-2336-4B53-A7D8-EE76AC314C09}"
EndProject
Project("{FAE04EC0-301F-11D3-BF4B-00C04F79EFBC}") = "2_ZeroSum", "2_ZeroSum\2_ZeroSum.csproj", "{9558105B-7400-4EBB-A9C3-4250BA322638}"
EndProject
Project("{FAE04EC0-301F-11D3-BF4B-00C04F79EFBC}") = "3_RepresentingNumbersWithSums", "3_RepresentingNumbersWithSums\3_RepresentingNumbersWithSums.csproj", "{D9A77047-2172-440E-B9DF-883D646958A3}"
EndProject
Global
	GlobalSection(SolutionConfigurationPlatforms) = preSolution
		Debug|Any CPU = Debug|Any CPU
		Release|Any CPU = Release|Any CPU
	EndGlobalSection
	GlobalSection(ProjectConfigurationPlatforms) = postSolution
		{0F75B4B0-2336-4B53-A7D8-EE76AC314C09}.Debug|Any CPU.ActiveCfg = Debug|Any CPU
		{0F75B4B0-2336-4B53-A7D8-EE76AC314C09}.Debug|Any CPU.Build.0 = Debug|Any CPU
		{0F75B4B0-2336-4B53-A7D8-EE76AC314C09}.Release|Any CPU.ActiveCfg = Release|Any CPU
		{0F75B4B0-2336-4B53-A7D8-EE76AC314C09}.Release|Any CPU.Build.0 = Release|Any CPU
		{9558105B-7400-4EBB-A9C3-4250BA322638}.Debug|Any CPU.ActiveCfg = Debug|Any CPU
		{9558105B-7400-4EBB-A9C3-4250BA322638}.Debug|Any CPU.Build.0 = Debug|Any CPU
		{9558105B-7400-4EBB-A9C3-4250BA322638}.Release|Any CPU.ActiveCfg = Release|Any CPU
		{9558105B-7400-4EBB-A9C3-4250BA322638}.Release|Any CPU.Build.0 = Release|Any CPU
		{D9A77047-2172-440E-B9DF-883D646958A3}.Debug|Any CPU.ActiveCfg = Debug|Any CPU
		{D9A77047-2172-440E-B9DF-883D646958A3}.Debug|Any CPU.Build.0 = Debug|Any CPU
		{D9A77047-2172-440E-B9DF-883D646958A3}.Release|Any CPU.ActiveCfg = Release|Any CPU
		{D9A77047-2172-440E-B9DF-883D646958A3}.Release|Any CPU.Build.0 = Release|Any CPU
	EndGlobalSection
	GlobalSection(SolutionProperties) = preSolution
		HideSolutionNode = FALSE
	EndGlobalSection
	GlobalSection(ExtensibilityGlobals) = postSolution
		SolutionGuid = {71EAAEB0-F9E3-4256-B8CC-FA967A2C1821}
	EndGlobalSection
EndGlobal
