
Microsoft Visual Studio Solution File, Format Version 12.00
# Visual Studio 15
VisualStudioVersion = 15.0.28010.2016
MinimumVisualStudioVersion = 10.0.40219.1
Project("{FAE04EC0-301F-11D3-BF4B-00C04F79EFBC}") = "App1", "App1\App1.csproj", "{0F1C4473-29A0-4C68-8EE7-EE3ACEC502A8}"
EndProject
Project("{FAE04EC0-301F-11D3-BF4B-00C04F79EFBC}") = "App1Tests", "App1Tests\App1Tests.csproj", "{A3F9BC54-5A5B-415F-8E03-60517A782F3B}"
EndProject
Project("{FAE04EC0-301F-11D3-BF4B-00C04F79EFBC}") = "App2", "App2\App2.csproj", "{4D661269-77B2-4006-99AE-DD16D0235360}"
EndProject
Project("{FAE04EC0-301F-11D3-BF4B-00C04F79EFBC}") = "App2Tests", "App2Tests\App2Tests.csproj", "{49ABD5EC-32E6-4CFF-8EA2-E14C299ED331}"
EndProject
Global
	GlobalSection(SolutionConfigurationPlatforms) = preSolution
		Debug|Any CPU = Debug|Any CPU
		Release|Any CPU = Release|Any CPU
	EndGlobalSection
	GlobalSection(ProjectConfigurationPlatforms) = postSolution
		{0F1C4473-29A0-4C68-8EE7-EE3ACEC502A8}.Debug|Any CPU.ActiveCfg = Debug|Any CPU
		{0F1C4473-29A0-4C68-8EE7-EE3ACEC502A8}.Debug|Any CPU.Build.0 = Debug|Any CPU
		{0F1C4473-29A0-4C68-8EE7-EE3ACEC502A8}.Release|Any CPU.ActiveCfg = Release|Any CPU
		{0F1C4473-29A0-4C68-8EE7-EE3ACEC502A8}.Release|Any CPU.Build.0 = Release|Any CPU
		{A3F9BC54-5A5B-415F-8E03-60517A782F3B}.Debug|Any CPU.ActiveCfg = Debug|Any CPU
		{A3F9BC54-5A5B-415F-8E03-60517A782F3B}.Debug|Any CPU.Build.0 = Debug|Any CPU
		{A3F9BC54-5A5B-415F-8E03-60517A782F3B}.Release|Any CPU.ActiveCfg = Release|Any CPU
		{A3F9BC54-5A5B-415F-8E03-60517A782F3B}.Release|Any CPU.Build.0 = Release|Any CPU
		{4D661269-77B2-4006-99AE-DD16D0235360}.Debug|Any CPU.ActiveCfg = Debug|Any CPU
		{4D661269-77B2-4006-99AE-DD16D0235360}.Debug|Any CPU.Build.0 = Debug|Any CPU
		{4D661269-77B2-4006-99AE-DD16D0235360}.Release|Any CPU.ActiveCfg = Release|Any CPU
		{4D661269-77B2-4006-99AE-DD16D0235360}.Release|Any CPU.Build.0 = Release|Any CPU
		{49ABD5EC-32E6-4CFF-8EA2-E14C299ED331}.Debug|Any CPU.ActiveCfg = Debug|Any CPU
		{49ABD5EC-32E6-4CFF-8EA2-E14C299ED331}.Debug|Any CPU.Build.0 = Debug|Any CPU
		{49ABD5EC-32E6-4CFF-8EA2-E14C299ED331}.Release|Any CPU.ActiveCfg = Release|Any CPU
		{49ABD5EC-32E6-4CFF-8EA2-E14C299ED331}.Release|Any CPU.Build.0 = Release|Any CPU
	EndGlobalSection
	GlobalSection(SolutionProperties) = preSolution
		HideSolutionNode = FALSE
	EndGlobalSection
	GlobalSection(ExtensibilityGlobals) = postSolution
		SolutionGuid = {C20F4494-38C8-4E98-9E4F-92D4D7FE0FA2}
	EndGlobalSection
EndGlobal
