
Microsoft Visual Studio Solution File, Format Version 12.00
# Visual Studio Version 16
VisualStudioVersion = 16.0.29215.179
MinimumVisualStudioVersion = 10.0.40219.1
Project("{FAE04EC0-301F-11D3-BF4B-00C04F79EFBC}") = "1_BankAccount", "1_BankAccount\1_BankAccount.csproj", "{2F3B8EBE-EE81-40C0-AE28-3D82EFA6F975}"
EndProject
Project("{FAE04EC0-301F-11D3-BF4B-00C04F79EFBC}") = "2_BankAccountTests", "2_BankAccountTests\2_BankAccountTests.csproj", "{418363C1-E151-4674-B3BF-7263F672EE36}"
EndProject
Project("{FAE04EC0-301F-11D3-BF4B-00C04F79EFBC}") = "3_Axe", "3_Axe\3_Axe.csproj", "{28ECE634-A1CD-4559-97BC-299B94474BA0}"
EndProject
Project("{FAE04EC0-301F-11D3-BF4B-00C04F79EFBC}") = "4_AxeTests", "4_AxeTests\4_AxeTests.csproj", "{D0316730-1F7D-4ACA-8519-9C5245710515}"
EndProject
Project("{FAE04EC0-301F-11D3-BF4B-00C04F79EFBC}") = "5_DummyTests", "5_DummyTests\5_DummyTests.csproj", "{544091B7-A2A1-4C35-BD3A-57A81B49561E}"
EndProject
Project("{FAE04EC0-301F-11D3-BF4B-00C04F79EFBC}") = "6_Dependencies", "6_Dependencies\6_Dependencies.csproj", "{1DC668BF-F152-41C5-BE93-C477D8770FFE}"
EndProject
Project("{FAE04EC0-301F-11D3-BF4B-00C04F79EFBC}") = "7_DependenciesTests", "7_DependenciesTests\7_DependenciesTests.csproj", "{7C209E1F-0F4A-4296-A90D-7F64E17FDDA2}"
EndProject
Global
	GlobalSection(SolutionConfigurationPlatforms) = preSolution
		Debug|Any CPU = Debug|Any CPU
		Release|Any CPU = Release|Any CPU
	EndGlobalSection
	GlobalSection(ProjectConfigurationPlatforms) = postSolution
		{2F3B8EBE-EE81-40C0-AE28-3D82EFA6F975}.Debug|Any CPU.ActiveCfg = Debug|Any CPU
		{2F3B8EBE-EE81-40C0-AE28-3D82EFA6F975}.Debug|Any CPU.Build.0 = Debug|Any CPU
		{2F3B8EBE-EE81-40C0-AE28-3D82EFA6F975}.Release|Any CPU.ActiveCfg = Release|Any CPU
		{2F3B8EBE-EE81-40C0-AE28-3D82EFA6F975}.Release|Any CPU.Build.0 = Release|Any CPU
		{418363C1-E151-4674-B3BF-7263F672EE36}.Debug|Any CPU.ActiveCfg = Debug|Any CPU
		{418363C1-E151-4674-B3BF-7263F672EE36}.Debug|Any CPU.Build.0 = Debug|Any CPU
		{418363C1-E151-4674-B3BF-7263F672EE36}.Release|Any CPU.ActiveCfg = Release|Any CPU
		{418363C1-E151-4674-B3BF-7263F672EE36}.Release|Any CPU.Build.0 = Release|Any CPU
		{28ECE634-A1CD-4559-97BC-299B94474BA0}.Debug|Any CPU.ActiveCfg = Debug|Any CPU
		{28ECE634-A1CD-4559-97BC-299B94474BA0}.Debug|Any CPU.Build.0 = Debug|Any CPU
		{28ECE634-A1CD-4559-97BC-299B94474BA0}.Release|Any CPU.ActiveCfg = Release|Any CPU
		{28ECE634-A1CD-4559-97BC-299B94474BA0}.Release|Any CPU.Build.0 = Release|Any CPU
		{D0316730-1F7D-4ACA-8519-9C5245710515}.Debug|Any CPU.ActiveCfg = Debug|Any CPU
		{D0316730-1F7D-4ACA-8519-9C5245710515}.Debug|Any CPU.Build.0 = Debug|Any CPU
		{D0316730-1F7D-4ACA-8519-9C5245710515}.Release|Any CPU.ActiveCfg = Release|Any CPU
		{D0316730-1F7D-4ACA-8519-9C5245710515}.Release|Any CPU.Build.0 = Release|Any CPU
		{544091B7-A2A1-4C35-BD3A-57A81B49561E}.Debug|Any CPU.ActiveCfg = Debug|Any CPU
		{544091B7-A2A1-4C35-BD3A-57A81B49561E}.Debug|Any CPU.Build.0 = Debug|Any CPU
		{544091B7-A2A1-4C35-BD3A-57A81B49561E}.Release|Any CPU.ActiveCfg = Release|Any CPU
		{544091B7-A2A1-4C35-BD3A-57A81B49561E}.Release|Any CPU.Build.0 = Release|Any CPU
		{1DC668BF-F152-41C5-BE93-C477D8770FFE}.Debug|Any CPU.ActiveCfg = Debug|Any CPU
		{1DC668BF-F152-41C5-BE93-C477D8770FFE}.Debug|Any CPU.Build.0 = Debug|Any CPU
		{1DC668BF-F152-41C5-BE93-C477D8770FFE}.Release|Any CPU.ActiveCfg = Release|Any CPU
		{1DC668BF-F152-41C5-BE93-C477D8770FFE}.Release|Any CPU.Build.0 = Release|Any CPU
		{7C209E1F-0F4A-4296-A90D-7F64E17FDDA2}.Debug|Any CPU.ActiveCfg = Debug|Any CPU
		{7C209E1F-0F4A-4296-A90D-7F64E17FDDA2}.Debug|Any CPU.Build.0 = Debug|Any CPU
		{7C209E1F-0F4A-4296-A90D-7F64E17FDDA2}.Release|Any CPU.ActiveCfg = Release|Any CPU
		{7C209E1F-0F4A-4296-A90D-7F64E17FDDA2}.Release|Any CPU.Build.0 = Release|Any CPU
	EndGlobalSection
	GlobalSection(SolutionProperties) = preSolution
		HideSolutionNode = FALSE
	EndGlobalSection
	GlobalSection(ExtensibilityGlobals) = postSolution
		SolutionGuid = {D2E4E2B2-61B3-4583-ACBC-CB849F13DE8C}
	EndGlobalSection
EndGlobal
