
Microsoft Visual Studio Solution File, Format Version 12.00
# Visual Studio Version 17
VisualStudioVersion = 17.5.33516.290
MinimumVisualStudioVersion = 10.0.40219.1
Project("{FAE04EC0-301F-11D3-BF4B-00C04F79EFBC}") = "Point", "Point\Point.csproj", "{A2A8911A-693A-4439-99FC-A764320F2D21}"
EndProject
Project("{9A19103F-16F7-4668-BE54-9A1E7A4F7556}") = "CointingSymbols", "CointingSymbols\CointingSymbols.csproj", "{8D749DFE-7FB6-402F-AD7F-B0F5E025F8CD}"
EndProject
Project("{9A19103F-16F7-4668-BE54-9A1E7A4F7556}") = "HashTable", "HashTable\HashTable.csproj", "{AE80D2AC-F188-48DD-89A4-443E9680A638}"
EndProject
Project("{9A19103F-16F7-4668-BE54-9A1E7A4F7556}") = "PhoneBook", "PhoneBook\PhoneBook.csproj", "{1336E6FC-C2ED-46F8-9FD2-DD1112A709EE}"
EndProject
Global
	GlobalSection(SolutionConfigurationPlatforms) = preSolution
		Debug|Any CPU = Debug|Any CPU
		Release|Any CPU = Release|Any CPU
	EndGlobalSection
	GlobalSection(ProjectConfigurationPlatforms) = postSolution
		{A2A8911A-693A-4439-99FC-A764320F2D21}.Debug|Any CPU.ActiveCfg = Debug|Any CPU
		{A2A8911A-693A-4439-99FC-A764320F2D21}.Debug|Any CPU.Build.0 = Debug|Any CPU
		{A2A8911A-693A-4439-99FC-A764320F2D21}.Release|Any CPU.ActiveCfg = Release|Any CPU
		{A2A8911A-693A-4439-99FC-A764320F2D21}.Release|Any CPU.Build.0 = Release|Any CPU
		{8D749DFE-7FB6-402F-AD7F-B0F5E025F8CD}.Debug|Any CPU.ActiveCfg = Debug|Any CPU
		{8D749DFE-7FB6-402F-AD7F-B0F5E025F8CD}.Debug|Any CPU.Build.0 = Debug|Any CPU
		{8D749DFE-7FB6-402F-AD7F-B0F5E025F8CD}.Release|Any CPU.ActiveCfg = Release|Any CPU
		{8D749DFE-7FB6-402F-AD7F-B0F5E025F8CD}.Release|Any CPU.Build.0 = Release|Any CPU
		{AE80D2AC-F188-48DD-89A4-443E9680A638}.Debug|Any CPU.ActiveCfg = Debug|Any CPU
		{AE80D2AC-F188-48DD-89A4-443E9680A638}.Debug|Any CPU.Build.0 = Debug|Any CPU
		{AE80D2AC-F188-48DD-89A4-443E9680A638}.Release|Any CPU.ActiveCfg = Release|Any CPU
		{AE80D2AC-F188-48DD-89A4-443E9680A638}.Release|Any CPU.Build.0 = Release|Any CPU
		{1336E6FC-C2ED-46F8-9FD2-DD1112A709EE}.Debug|Any CPU.ActiveCfg = Debug|Any CPU
		{1336E6FC-C2ED-46F8-9FD2-DD1112A709EE}.Debug|Any CPU.Build.0 = Debug|Any CPU
		{1336E6FC-C2ED-46F8-9FD2-DD1112A709EE}.Release|Any CPU.ActiveCfg = Release|Any CPU
		{1336E6FC-C2ED-46F8-9FD2-DD1112A709EE}.Release|Any CPU.Build.0 = Release|Any CPU
	EndGlobalSection
	GlobalSection(SolutionProperties) = preSolution
		HideSolutionNode = FALSE
	EndGlobalSection
	GlobalSection(ExtensibilityGlobals) = postSolution
		SolutionGuid = {B63C3C7B-FEC7-494B-8D5E-31873224ACAC}
	EndGlobalSection
EndGlobal
