
Microsoft Visual Studio Solution File, Format Version 12.00
# Visual Studio 15
VisualStudioVersion = 15.0.28010.2016
MinimumVisualStudioVersion = 10.0.40219.1
Project("{FAE04EC0-301F-11D3-BF4B-00C04F79EFBC}") = "1_BankAccount", "1_BankAccount\1_BankAccount.csproj", "{A5D8029E-5EFF-4A3C-B1F9-8B460E3F3A98}"
EndProject
Project("{FAE04EC0-301F-11D3-BF4B-00C04F79EFBC}") = "2_BankAccountTest", "2_BankAccountTest\2_BankAccountTest.csproj", "{8EDF4429-251A-416D-BB68-93F227191BCF}"
EndProject
Project("{FAE04EC0-301F-11D3-BF4B-00C04F79EFBC}") = "3_Axe", "3_Axe\3_Axe.csproj", "{DC807CB4-2334-464B-93EC-1F2A30A1DE7F}"
EndProject
Project("{FAE04EC0-301F-11D3-BF4B-00C04F79EFBC}") = "4_AxeTests", "4_AxeTests\4_AxeTests.csproj", "{3032023A-6D70-41DA-8EC4-7127B7951093}"
EndProject
Project("{FAE04EC0-301F-11D3-BF4B-00C04F79EFBC}") = "5_DummyTests", "5_DummyTests\5_DummyTests.csproj", "{7CFA92D8-6FAD-40F1-8B67-AAAB24A5AA01}"
EndProject
Project("{FAE04EC0-301F-11D3-BF4B-00C04F79EFBC}") = "6_VSTT", "6_VSTT\6_VSTT.csproj", "{53B4FBB4-669E-4F78-B5C7-4505E5B207C7}"
EndProject
Project("{FAE04EC0-301F-11D3-BF4B-00C04F79EFBC}") = "7_VSTTTests", "7_VSTTTests\7_VSTTTests.csproj", "{4C2940B7-44D9-45AE-A63C-16D3F7247F4E}"
EndProject
Global
	GlobalSection(SolutionConfigurationPlatforms) = preSolution
		Debug|Any CPU = Debug|Any CPU
		Release|Any CPU = Release|Any CPU
	EndGlobalSection
	GlobalSection(ProjectConfigurationPlatforms) = postSolution
		{A5D8029E-5EFF-4A3C-B1F9-8B460E3F3A98}.Debug|Any CPU.ActiveCfg = Debug|Any CPU
		{A5D8029E-5EFF-4A3C-B1F9-8B460E3F3A98}.Debug|Any CPU.Build.0 = Debug|Any CPU
		{A5D8029E-5EFF-4A3C-B1F9-8B460E3F3A98}.Release|Any CPU.ActiveCfg = Release|Any CPU
		{A5D8029E-5EFF-4A3C-B1F9-8B460E3F3A98}.Release|Any CPU.Build.0 = Release|Any CPU
		{8EDF4429-251A-416D-BB68-93F227191BCF}.Debug|Any CPU.ActiveCfg = Debug|Any CPU
		{8EDF4429-251A-416D-BB68-93F227191BCF}.Debug|Any CPU.Build.0 = Debug|Any CPU
		{8EDF4429-251A-416D-BB68-93F227191BCF}.Release|Any CPU.ActiveCfg = Release|Any CPU
		{8EDF4429-251A-416D-BB68-93F227191BCF}.Release|Any CPU.Build.0 = Release|Any CPU
		{DC807CB4-2334-464B-93EC-1F2A30A1DE7F}.Debug|Any CPU.ActiveCfg = Debug|Any CPU
		{DC807CB4-2334-464B-93EC-1F2A30A1DE7F}.Debug|Any CPU.Build.0 = Debug|Any CPU
		{DC807CB4-2334-464B-93EC-1F2A30A1DE7F}.Release|Any CPU.ActiveCfg = Release|Any CPU
		{DC807CB4-2334-464B-93EC-1F2A30A1DE7F}.Release|Any CPU.Build.0 = Release|Any CPU
		{3032023A-6D70-41DA-8EC4-7127B7951093}.Debug|Any CPU.ActiveCfg = Debug|Any CPU
		{3032023A-6D70-41DA-8EC4-7127B7951093}.Debug|Any CPU.Build.0 = Debug|Any CPU
		{3032023A-6D70-41DA-8EC4-7127B7951093}.Release|Any CPU.ActiveCfg = Release|Any CPU
		{3032023A-6D70-41DA-8EC4-7127B7951093}.Release|Any CPU.Build.0 = Release|Any CPU
		{7CFA92D8-6FAD-40F1-8B67-AAAB24A5AA01}.Debug|Any CPU.ActiveCfg = Debug|Any CPU
		{7CFA92D8-6FAD-40F1-8B67-AAAB24A5AA01}.Debug|Any CPU.Build.0 = Debug|Any CPU
		{7CFA92D8-6FAD-40F1-8B67-AAAB24A5AA01}.Release|Any CPU.ActiveCfg = Release|Any CPU
		{7CFA92D8-6FAD-40F1-8B67-AAAB24A5AA01}.Release|Any CPU.Build.0 = Release|Any CPU
		{53B4FBB4-669E-4F78-B5C7-4505E5B207C7}.Debug|Any CPU.ActiveCfg = Debug|Any CPU
		{53B4FBB4-669E-4F78-B5C7-4505E5B207C7}.Debug|Any CPU.Build.0 = Debug|Any CPU
		{53B4FBB4-669E-4F78-B5C7-4505E5B207C7}.Release|Any CPU.ActiveCfg = Release|Any CPU
		{53B4FBB4-669E-4F78-B5C7-4505E5B207C7}.Release|Any CPU.Build.0 = Release|Any CPU
		{4C2940B7-44D9-45AE-A63C-16D3F7247F4E}.Debug|Any CPU.ActiveCfg = Debug|Any CPU
		{4C2940B7-44D9-45AE-A63C-16D3F7247F4E}.Debug|Any CPU.Build.0 = Debug|Any CPU
		{4C2940B7-44D9-45AE-A63C-16D3F7247F4E}.Release|Any CPU.ActiveCfg = Release|Any CPU
		{4C2940B7-44D9-45AE-A63C-16D3F7247F4E}.Release|Any CPU.Build.0 = Release|Any CPU
	EndGlobalSection
	GlobalSection(SolutionProperties) = preSolution
		HideSolutionNode = FALSE
	EndGlobalSection
	GlobalSection(ExtensibilityGlobals) = postSolution
		SolutionGuid = {EA13C5C8-1471-4967-8EFA-52F894C5B6B9}
	EndGlobalSection
EndGlobal
