
Microsoft Visual Studio Solution File, Format Version 12.00
# Visual Studio 15
VisualStudioVersion = 15.0.27428.2015
MinimumVisualStudioVersion = 10.0.40219.1
Project("{FAE04EC0-301F-11D3-BF4B-00C04F79EFBC}") = "App1", "App1\App1.csproj", "{3EA04018-49C1-412B-B6A3-AEB8F267600A}"
EndProject
Project("{FAE04EC0-301F-11D3-BF4B-00C04F79EFBC}") = "App3", "App3\App3.csproj", "{4A79DE75-02D5-4262-B3FA-DA87DC00C51C}"
EndProject
Project("{FAE04EC0-301F-11D3-BF4B-00C04F79EFBC}") = "App2", "App2\App2.csproj", "{5228509F-1E57-4004-92CA-72FAE680F28A}"
EndProject
Project("{FAE04EC0-301F-11D3-BF4B-00C04F79EFBC}") = "App4", "App4\App4.csproj", "{92B2435B-9B14-4FFF-80E9-7B25EEF223AE}"
EndProject
Global
	GlobalSection(SolutionConfigurationPlatforms) = preSolution
		Debug|Any CPU = Debug|Any CPU
		Release|Any CPU = Release|Any CPU
	EndGlobalSection
	GlobalSection(ProjectConfigurationPlatforms) = postSolution
		{3EA04018-49C1-412B-B6A3-AEB8F267600A}.Debug|Any CPU.ActiveCfg = Debug|Any CPU
		{3EA04018-49C1-412B-B6A3-AEB8F267600A}.Debug|Any CPU.Build.0 = Debug|Any CPU
		{3EA04018-49C1-412B-B6A3-AEB8F267600A}.Release|Any CPU.ActiveCfg = Release|Any CPU
		{3EA04018-49C1-412B-B6A3-AEB8F267600A}.Release|Any CPU.Build.0 = Release|Any CPU
		{4A79DE75-02D5-4262-B3FA-DA87DC00C51C}.Debug|Any CPU.ActiveCfg = Debug|Any CPU
		{4A79DE75-02D5-4262-B3FA-DA87DC00C51C}.Debug|Any CPU.Build.0 = Debug|Any CPU
		{4A79DE75-02D5-4262-B3FA-DA87DC00C51C}.Release|Any CPU.ActiveCfg = Release|Any CPU
		{4A79DE75-02D5-4262-B3FA-DA87DC00C51C}.Release|Any CPU.Build.0 = Release|Any CPU
		{5228509F-1E57-4004-92CA-72FAE680F28A}.Debug|Any CPU.ActiveCfg = Debug|Any CPU
		{5228509F-1E57-4004-92CA-72FAE680F28A}.Debug|Any CPU.Build.0 = Debug|Any CPU
		{5228509F-1E57-4004-92CA-72FAE680F28A}.Release|Any CPU.ActiveCfg = Release|Any CPU
		{5228509F-1E57-4004-92CA-72FAE680F28A}.Release|Any CPU.Build.0 = Release|Any CPU
		{92B2435B-9B14-4FFF-80E9-7B25EEF223AE}.Debug|Any CPU.ActiveCfg = Debug|Any CPU
		{92B2435B-9B14-4FFF-80E9-7B25EEF223AE}.Debug|Any CPU.Build.0 = Debug|Any CPU
		{92B2435B-9B14-4FFF-80E9-7B25EEF223AE}.Release|Any CPU.ActiveCfg = Release|Any CPU
		{92B2435B-9B14-4FFF-80E9-7B25EEF223AE}.Release|Any CPU.Build.0 = Release|Any CPU
	EndGlobalSection
	GlobalSection(SolutionProperties) = preSolution
		HideSolutionNode = FALSE
	EndGlobalSection
	GlobalSection(ExtensibilityGlobals) = postSolution
		SolutionGuid = {E2E3EABA-151A-4D89-B827-9BE14E00BB80}
	EndGlobalSection
EndGlobal
