
Microsoft Visual Studio Solution File, Format Version 12.00
# Visual Studio Version 16
VisualStudioVersion = 16.0.30002.166
MinimumVisualStudioVersion = 10.0.40219.1
Project("{FAE04EC0-301F-11D3-BF4B-00C04F79EFBC}") = "01_ArraySlider", "01_ArraySlider\01_ArraySlider.csproj", "{40934AEC-E270-4841-8612-7D128AB506A2}"
EndProject
Project("{FAE04EC0-301F-11D3-BF4B-00C04F79EFBC}") = "02_YoloSnake", "02_YoloSnake\02_YoloSnake.csproj", "{75DE2D9E-A911-45A0-BBDD-948DFACF1411}"
EndProject
Project("{FAE04EC0-301F-11D3-BF4B-00C04F79EFBC}") = "03_Orders", "03_Orders\03_Orders.csproj", "{3D15C477-94B4-4F9E-8F77-376A2FD49B96}"
EndProject
Project("{FAE04EC0-301F-11D3-BF4B-00C04F79EFBC}") = "04_Game", "04_Game\04_Game.csproj", "{533188AE-9135-4DEF-AABB-45AE46A0FBB1}"
EndProject
Project("{FAE04EC0-301F-11D3-BF4B-00C04F79EFBC}") = "05_UnknownMethod", "05_UnknownMethod\05_UnknownMethod.csproj", "{05227F10-50B0-468D-B7CF-234917BAC21C}"
EndProject
Global
	GlobalSection(SolutionConfigurationPlatforms) = preSolution
		Debug|Any CPU = Debug|Any CPU
		Release|Any CPU = Release|Any CPU
	EndGlobalSection
	GlobalSection(ProjectConfigurationPlatforms) = postSolution
		{40934AEC-E270-4841-8612-7D128AB506A2}.Debug|Any CPU.ActiveCfg = Debug|Any CPU
		{40934AEC-E270-4841-8612-7D128AB506A2}.Debug|Any CPU.Build.0 = Debug|Any CPU
		{40934AEC-E270-4841-8612-7D128AB506A2}.Release|Any CPU.ActiveCfg = Release|Any CPU
		{40934AEC-E270-4841-8612-7D128AB506A2}.Release|Any CPU.Build.0 = Release|Any CPU
		{75DE2D9E-A911-45A0-BBDD-948DFACF1411}.Debug|Any CPU.ActiveCfg = Debug|Any CPU
		{75DE2D9E-A911-45A0-BBDD-948DFACF1411}.Debug|Any CPU.Build.0 = Debug|Any CPU
		{75DE2D9E-A911-45A0-BBDD-948DFACF1411}.Release|Any CPU.ActiveCfg = Release|Any CPU
		{75DE2D9E-A911-45A0-BBDD-948DFACF1411}.Release|Any CPU.Build.0 = Release|Any CPU
		{3D15C477-94B4-4F9E-8F77-376A2FD49B96}.Debug|Any CPU.ActiveCfg = Debug|Any CPU
		{3D15C477-94B4-4F9E-8F77-376A2FD49B96}.Debug|Any CPU.Build.0 = Debug|Any CPU
		{3D15C477-94B4-4F9E-8F77-376A2FD49B96}.Release|Any CPU.ActiveCfg = Release|Any CPU
		{3D15C477-94B4-4F9E-8F77-376A2FD49B96}.Release|Any CPU.Build.0 = Release|Any CPU
		{533188AE-9135-4DEF-AABB-45AE46A0FBB1}.Debug|Any CPU.ActiveCfg = Debug|Any CPU
		{533188AE-9135-4DEF-AABB-45AE46A0FBB1}.Debug|Any CPU.Build.0 = Debug|Any CPU
		{533188AE-9135-4DEF-AABB-45AE46A0FBB1}.Release|Any CPU.ActiveCfg = Release|Any CPU
		{533188AE-9135-4DEF-AABB-45AE46A0FBB1}.Release|Any CPU.Build.0 = Release|Any CPU
		{05227F10-50B0-468D-B7CF-234917BAC21C}.Debug|Any CPU.ActiveCfg = Debug|Any CPU
		{05227F10-50B0-468D-B7CF-234917BAC21C}.Debug|Any CPU.Build.0 = Debug|Any CPU
		{05227F10-50B0-468D-B7CF-234917BAC21C}.Release|Any CPU.ActiveCfg = Release|Any CPU
		{05227F10-50B0-468D-B7CF-234917BAC21C}.Release|Any CPU.Build.0 = Release|Any CPU
	EndGlobalSection
	GlobalSection(SolutionProperties) = preSolution
		HideSolutionNode = FALSE
	EndGlobalSection
	GlobalSection(ExtensibilityGlobals) = postSolution
		SolutionGuid = {10F94B02-84BA-45BB-B668-A6677D010FA3}
	EndGlobalSection
EndGlobal
