
Microsoft Visual Studio Solution File, Format Version 12.00
# Visual Studio 15
VisualStudioVersion = 15.0.28010.2016
MinimumVisualStudioVersion = 10.0.40219.1
Project("{FAE04EC0-301F-11D3-BF4B-00C04F79EFBC}") = "31_1", "31_1\31_1.csproj", "{D3829BBD-FC5E-49C5-AC34-C971C85AE5C2}"
EndProject
Project("{FAE04EC0-301F-11D3-BF4B-00C04F79EFBC}") = "31_1_Tests", "31_1_Tests\31_1_Tests.csproj", "{C386C100-19DB-4A18-A2AA-1417D146978E}"
EndProject
Global
	GlobalSection(SolutionConfigurationPlatforms) = preSolution
		Debug|Any CPU = Debug|Any CPU
		Release|Any CPU = Release|Any CPU
	EndGlobalSection
	GlobalSection(ProjectConfigurationPlatforms) = postSolution
		{D3829BBD-FC5E-49C5-AC34-C971C85AE5C2}.Debug|Any CPU.ActiveCfg = Debug|Any CPU
		{D3829BBD-FC5E-49C5-AC34-C971C85AE5C2}.Debug|Any CPU.Build.0 = Debug|Any CPU
		{D3829BBD-FC5E-49C5-AC34-C971C85AE5C2}.Release|Any CPU.ActiveCfg = Release|Any CPU
		{D3829BBD-FC5E-49C5-AC34-C971C85AE5C2}.Release|Any CPU.Build.0 = Release|Any CPU
		{C386C100-19DB-4A18-A2AA-1417D146978E}.Debug|Any CPU.ActiveCfg = Debug|Any CPU
		{C386C100-19DB-4A18-A2AA-1417D146978E}.Debug|Any CPU.Build.0 = Debug|Any CPU
		{C386C100-19DB-4A18-A2AA-1417D146978E}.Release|Any CPU.ActiveCfg = Release|Any CPU
		{C386C100-19DB-4A18-A2AA-1417D146978E}.Release|Any CPU.Build.0 = Release|Any CPU
	EndGlobalSection
	GlobalSection(SolutionProperties) = preSolution
		HideSolutionNode = FALSE
	EndGlobalSection
	GlobalSection(ExtensibilityGlobals) = postSolution
		SolutionGuid = {AAA029C3-9BFF-4064-9D1D-B39DD46ED79B}
	EndGlobalSection
EndGlobal
