
Microsoft Visual Studio Solution File, Format Version 12.00
# Visual Studio Version 16
VisualStudioVersion = 16.0.30517.126
MinimumVisualStudioVersion = 10.0.40219.1
Project("{9A19103F-16F7-4668-BE54-9A1E7A4F7556}") = "1. Tree", "1. Tree\1. Tree.csproj", "{46351276-5FD1-4B70-B67B-F15B39197819}"
EndProject
Project("{FAE04EC0-301F-11D3-BF4B-00C04F79EFBC}") = "2. DFS", "2. DFS\2. DFS.csproj", "{C19A2D68-F1D2-4D38-AF37-1A4FE006D22F}"
EndProject
Project("{FAE04EC0-301F-11D3-BF4B-00C04F79EFBC}") = "3. BFS", "3. BFS\3. BFS.csproj", "{E5B00C1A-0647-4F68-9598-C2BDD3E83639}"
EndProject
Project("{FAE04EC0-301F-11D3-BF4B-00C04F79EFBC}") = "4. BinaryTree", "4. BinaryTree\4. BinaryTree.csproj", "{B613BDE4-7037-4B53-B225-35692CDB44DE}"
EndProject
Global
	GlobalSection(SolutionConfigurationPlatforms) = preSolution
		Debug|Any CPU = Debug|Any CPU
		Release|Any CPU = Release|Any CPU
	EndGlobalSection
	GlobalSection(ProjectConfigurationPlatforms) = postSolution
		{46351276-5FD1-4B70-B67B-F15B39197819}.Debug|Any CPU.ActiveCfg = Debug|Any CPU
		{46351276-5FD1-4B70-B67B-F15B39197819}.Debug|Any CPU.Build.0 = Debug|Any CPU
		{46351276-5FD1-4B70-B67B-F15B39197819}.Release|Any CPU.ActiveCfg = Release|Any CPU
		{46351276-5FD1-4B70-B67B-F15B39197819}.Release|Any CPU.Build.0 = Release|Any CPU
		{C19A2D68-F1D2-4D38-AF37-1A4FE006D22F}.Debug|Any CPU.ActiveCfg = Debug|Any CPU
		{C19A2D68-F1D2-4D38-AF37-1A4FE006D22F}.Debug|Any CPU.Build.0 = Debug|Any CPU
		{C19A2D68-F1D2-4D38-AF37-1A4FE006D22F}.Release|Any CPU.ActiveCfg = Release|Any CPU
		{C19A2D68-F1D2-4D38-AF37-1A4FE006D22F}.Release|Any CPU.Build.0 = Release|Any CPU
		{E5B00C1A-0647-4F68-9598-C2BDD3E83639}.Debug|Any CPU.ActiveCfg = Debug|Any CPU
		{E5B00C1A-0647-4F68-9598-C2BDD3E83639}.Debug|Any CPU.Build.0 = Debug|Any CPU
		{E5B00C1A-0647-4F68-9598-C2BDD3E83639}.Release|Any CPU.ActiveCfg = Release|Any CPU
		{E5B00C1A-0647-4F68-9598-C2BDD3E83639}.Release|Any CPU.Build.0 = Release|Any CPU
		{B613BDE4-7037-4B53-B225-35692CDB44DE}.Debug|Any CPU.ActiveCfg = Debug|Any CPU
		{B613BDE4-7037-4B53-B225-35692CDB44DE}.Debug|Any CPU.Build.0 = Debug|Any CPU
		{B613BDE4-7037-4B53-B225-35692CDB44DE}.Release|Any CPU.ActiveCfg = Release|Any CPU
		{B613BDE4-7037-4B53-B225-35692CDB44DE}.Release|Any CPU.Build.0 = Release|Any CPU
	EndGlobalSection
	GlobalSection(SolutionProperties) = preSolution
		HideSolutionNode = FALSE
	EndGlobalSection
	GlobalSection(ExtensibilityGlobals) = postSolution
		SolutionGuid = {9B7A34C5-FDC2-4CCE-9F1D-F0AD92EBCA74}
	EndGlobalSection
EndGlobal
