
Microsoft Visual Studio Solution File, Format Version 12.00
# Visual Studio Version 16
VisualStudioVersion = 16.0.29306.81
MinimumVisualStudioVersion = 10.0.40219.1
Project("{FAE04EC0-301F-11D3-BF4B-00C04F79EFBC}") = "01_MathOperations", "01_MathOperations\01_MathOperations.csproj", "{BE683D6E-FC69-40BF-A896-54BDC071F137}"
EndProject
Project("{FAE04EC0-301F-11D3-BF4B-00C04F79EFBC}") = "02_Animals", "02_Animals\02_Animals.csproj", "{17EB67AE-8535-403B-8A0B-B49310BD12CF}"
EndProject
Project("{FAE04EC0-301F-11D3-BF4B-00C04F79EFBC}") = "03_Figures", "03_Figures\03_Figures.csproj", "{2149FCBD-84C4-4BF9-81F5-FC23F3FD7119}"
EndProject
Project("{FAE04EC0-301F-11D3-BF4B-00C04F79EFBC}") = "04_Machine", "04_Machine\04_Machine.csproj", "{0EB36D90-A9BD-4E91-B2D6-43017989E91F}"
EndProject
Project("{FAE04EC0-301F-11D3-BF4B-00C04F79EFBC}") = "54_AnimalKindom2", "54_AnimalKindom2\54_AnimalKindom2.csproj", "{4651785F-26AD-4C18-A442-4A63E3D1C5CF}"
EndProject
Project("{FAE04EC0-301F-11D3-BF4B-00C04F79EFBC}") = "55_Vehicles", "55_Vehicles\55_Vehicles.csproj", "{BF07BC33-44BB-469E-8401-F6DB3A9F8C23}"
EndProject
Project("{FAE04EC0-301F-11D3-BF4B-00C04F79EFBC}") = "56_Vehicles2", "56_Vehicles2\56_Vehicles2.csproj", "{E4A5B442-41C7-4EA5-A777-941788F0F55A}"
EndProject
Project("{FAE04EC0-301F-11D3-BF4B-00C04F79EFBC}") = "57_AnimalFarm", "57_AnimalFarm\57_AnimalFarm.csproj", "{42E5CE8B-9511-4936-8864-CF66F2CBD4FA}"
EndProject
Global
	GlobalSection(SolutionConfigurationPlatforms) = preSolution
		Debug|Any CPU = Debug|Any CPU
		Release|Any CPU = Release|Any CPU
	EndGlobalSection
	GlobalSection(ProjectConfigurationPlatforms) = postSolution
		{BE683D6E-FC69-40BF-A896-54BDC071F137}.Debug|Any CPU.ActiveCfg = Debug|Any CPU
		{BE683D6E-FC69-40BF-A896-54BDC071F137}.Debug|Any CPU.Build.0 = Debug|Any CPU
		{BE683D6E-FC69-40BF-A896-54BDC071F137}.Release|Any CPU.ActiveCfg = Release|Any CPU
		{BE683D6E-FC69-40BF-A896-54BDC071F137}.Release|Any CPU.Build.0 = Release|Any CPU
		{17EB67AE-8535-403B-8A0B-B49310BD12CF}.Debug|Any CPU.ActiveCfg = Debug|Any CPU
		{17EB67AE-8535-403B-8A0B-B49310BD12CF}.Debug|Any CPU.Build.0 = Debug|Any CPU
		{17EB67AE-8535-403B-8A0B-B49310BD12CF}.Release|Any CPU.ActiveCfg = Release|Any CPU
		{17EB67AE-8535-403B-8A0B-B49310BD12CF}.Release|Any CPU.Build.0 = Release|Any CPU
		{2149FCBD-84C4-4BF9-81F5-FC23F3FD7119}.Debug|Any CPU.ActiveCfg = Debug|Any CPU
		{2149FCBD-84C4-4BF9-81F5-FC23F3FD7119}.Debug|Any CPU.Build.0 = Debug|Any CPU
		{2149FCBD-84C4-4BF9-81F5-FC23F3FD7119}.Release|Any CPU.ActiveCfg = Release|Any CPU
		{2149FCBD-84C4-4BF9-81F5-FC23F3FD7119}.Release|Any CPU.Build.0 = Release|Any CPU
		{0EB36D90-A9BD-4E91-B2D6-43017989E91F}.Debug|Any CPU.ActiveCfg = Debug|Any CPU
		{0EB36D90-A9BD-4E91-B2D6-43017989E91F}.Debug|Any CPU.Build.0 = Debug|Any CPU
		{0EB36D90-A9BD-4E91-B2D6-43017989E91F}.Release|Any CPU.ActiveCfg = Release|Any CPU
		{0EB36D90-A9BD-4E91-B2D6-43017989E91F}.Release|Any CPU.Build.0 = Release|Any CPU
		{4651785F-26AD-4C18-A442-4A63E3D1C5CF}.Debug|Any CPU.ActiveCfg = Debug|Any CPU
		{4651785F-26AD-4C18-A442-4A63E3D1C5CF}.Debug|Any CPU.Build.0 = Debug|Any CPU
		{4651785F-26AD-4C18-A442-4A63E3D1C5CF}.Release|Any CPU.ActiveCfg = Release|Any CPU
		{4651785F-26AD-4C18-A442-4A63E3D1C5CF}.Release|Any CPU.Build.0 = Release|Any CPU
		{BF07BC33-44BB-469E-8401-F6DB3A9F8C23}.Debug|Any CPU.ActiveCfg = Debug|Any CPU
		{BF07BC33-44BB-469E-8401-F6DB3A9F8C23}.Debug|Any CPU.Build.0 = Debug|Any CPU
		{BF07BC33-44BB-469E-8401-F6DB3A9F8C23}.Release|Any CPU.ActiveCfg = Release|Any CPU
		{BF07BC33-44BB-469E-8401-F6DB3A9F8C23}.Release|Any CPU.Build.0 = Release|Any CPU
		{E4A5B442-41C7-4EA5-A777-941788F0F55A}.Debug|Any CPU.ActiveCfg = Debug|Any CPU
		{E4A5B442-41C7-4EA5-A777-941788F0F55A}.Debug|Any CPU.Build.0 = Debug|Any CPU
		{E4A5B442-41C7-4EA5-A777-941788F0F55A}.Release|Any CPU.ActiveCfg = Release|Any CPU
		{E4A5B442-41C7-4EA5-A777-941788F0F55A}.Release|Any CPU.Build.0 = Release|Any CPU
		{42E5CE8B-9511-4936-8864-CF66F2CBD4FA}.Debug|Any CPU.ActiveCfg = Debug|Any CPU
		{42E5CE8B-9511-4936-8864-CF66F2CBD4FA}.Debug|Any CPU.Build.0 = Debug|Any CPU
		{42E5CE8B-9511-4936-8864-CF66F2CBD4FA}.Release|Any CPU.ActiveCfg = Release|Any CPU
		{42E5CE8B-9511-4936-8864-CF66F2CBD4FA}.Release|Any CPU.Build.0 = Release|Any CPU
	EndGlobalSection
	GlobalSection(SolutionProperties) = preSolution
		HideSolutionNode = FALSE
	EndGlobalSection
	GlobalSection(ExtensibilityGlobals) = postSolution
		SolutionGuid = {7B02BA00-96B1-416D-B655-66741AD12897}
	EndGlobalSection
EndGlobal
