
Microsoft Visual Studio Solution File, Format Version 12.00
# Visual Studio Version 17
VisualStudioVersion = 17.2.32616.157
MinimumVisualStudioVersion = 10.0.40219.1
Project("{FAE04EC0-301F-11D3-BF4B-00C04F79EFBC}") = "Train", "Train\Train.csproj", "{851F2105-E545-404A-8195-BF14F03BD0B5}"
EndProject
Project("{FAE04EC0-301F-11D3-BF4B-00C04F79EFBC}") = "Game", "Game\Game.csproj", "{C7EF1272-1339-4E9E-A405-68690E0EEEFC}"
EndProject
Project("{FAE04EC0-301F-11D3-BF4B-00C04F79EFBC}") = "Product", "Product\Product.csproj", "{8B475E2B-25A4-4AB9-BDB6-FA8B735439E7}"
EndProject
Global
	GlobalSection(SolutionConfigurationPlatforms) = preSolution
		Debug|Any CPU = Debug|Any CPU
		Release|Any CPU = Release|Any CPU
	EndGlobalSection
	GlobalSection(ProjectConfigurationPlatforms) = postSolution
		{851F2105-E545-404A-8195-BF14F03BD0B5}.Debug|Any CPU.ActiveCfg = Debug|Any CPU
		{851F2105-E545-404A-8195-BF14F03BD0B5}.Debug|Any CPU.Build.0 = Debug|Any CPU
		{851F2105-E545-404A-8195-BF14F03BD0B5}.Release|Any CPU.ActiveCfg = Release|Any CPU
		{851F2105-E545-404A-8195-BF14F03BD0B5}.Release|Any CPU.Build.0 = Release|Any CPU
		{C7EF1272-1339-4E9E-A405-68690E0EEEFC}.Debug|Any CPU.ActiveCfg = Debug|Any CPU
		{C7EF1272-1339-4E9E-A405-68690E0EEEFC}.Debug|Any CPU.Build.0 = Debug|Any CPU
		{C7EF1272-1339-4E9E-A405-68690E0EEEFC}.Release|Any CPU.ActiveCfg = Release|Any CPU
		{C7EF1272-1339-4E9E-A405-68690E0EEEFC}.Release|Any CPU.Build.0 = Release|Any CPU
		{8B475E2B-25A4-4AB9-BDB6-FA8B735439E7}.Debug|Any CPU.ActiveCfg = Debug|Any CPU
		{8B475E2B-25A4-4AB9-BDB6-FA8B735439E7}.Debug|Any CPU.Build.0 = Debug|Any CPU
		{8B475E2B-25A4-4AB9-BDB6-FA8B735439E7}.Release|Any CPU.ActiveCfg = Release|Any CPU
		{8B475E2B-25A4-4AB9-BDB6-FA8B735439E7}.Release|Any CPU.Build.0 = Release|Any CPU
	EndGlobalSection
	GlobalSection(SolutionProperties) = preSolution
		HideSolutionNode = FALSE
	EndGlobalSection
	GlobalSection(ExtensibilityGlobals) = postSolution
		SolutionGuid = {E33F81FA-2786-4E39-9878-E48937A4689B}
	EndGlobalSection
EndGlobal
