
Microsoft Visual Studio Solution File, Format Version 12.00
# Visual Studio Version 16
VisualStudioVersion = 16.0.30517.126
MinimumVisualStudioVersion = 10.0.40219.1
Project("{FAE04EC0-301F-11D3-BF4B-00C04F79EFBC}") = "1. Demo", "1. Demo\1. Demo.csproj", "{C8FE7693-FEAC-454F-8859-93B213670922}"
EndProject
Global
	GlobalSection(SolutionConfigurationPlatforms) = preSolution
		Debug|Any CPU = Debug|Any CPU
		Release|Any CPU = Release|Any CPU
	EndGlobalSection
	GlobalSection(ProjectConfigurationPlatforms) = postSolution
		{C8FE7693-FEAC-454F-8859-93B213670922}.Debug|Any CPU.ActiveCfg = Debug|Any CPU
		{C8FE7693-FEAC-454F-8859-93B213670922}.Debug|Any CPU.Build.0 = Debug|Any CPU
		{C8FE7693-FEAC-454F-8859-93B213670922}.Release|Any CPU.ActiveCfg = Release|Any CPU
		{C8FE7693-FEAC-454F-8859-93B213670922}.Release|Any CPU.Build.0 = Release|Any CPU
	EndGlobalSection
	GlobalSection(SolutionProperties) = preSolution
		HideSolutionNode = FALSE
	EndGlobalSection
	GlobalSection(ExtensibilityGlobals) = postSolution
		SolutionGuid = {331BD1C3-27DA-43E7-B45D-08F9D7674CBC}
	EndGlobalSection
EndGlobal
