
Microsoft Visual Studio Solution File, Format Version 12.00
# Visual Studio Version 16
VisualStudioVersion = 16.0.29306.81
MinimumVisualStudioVersion = 10.0.40219.1
Project("{FAE04EC0-301F-11D3-BF4B-00C04F79EFBC}") = "01_EventsDemo", "01_EventsDemo\01_EventsDemo.csproj", "{A45BAF30-97A7-475D-81EB-4CA436E5A6BE}"
EndProject
Project("{FAE04EC0-301F-11D3-BF4B-00C04F79EFBC}") = "02_MouseClickDemo", "02_MouseClickDemo\02_MouseClickDemo.csproj", "{3FEC9DC0-5A92-4DAA-B9E1-0D94064AFA48}"
EndProject
Project("{FAE04EC0-301F-11D3-BF4B-00C04F79EFBC}") = "03_ObserverDemo", "03_ObserverDemo\03_ObserverDemo.csproj", "{2C8639EC-FBE1-448E-BC8C-2F50503C086F}"
EndProject
Project("{FAE04EC0-301F-11D3-BF4B-00C04F79EFBC}") = "52_KingGambit", "52_KingGambit\52_KingGambit.csproj", "{5B0A4BBD-8776-47F1-AE76-25398177D295}"
EndProject
Project("{FAE04EC0-301F-11D3-BF4B-00C04F79EFBC}") = "51_EventsDemo", "51_EventsDemo\51_EventsDemo.csproj", "{B8A4E522-1FBD-4E74-8EF5-D0D760DF84C0}"
EndProject
Project("{FAE04EC0-301F-11D3-BF4B-00C04F79EFBC}") = "55_KingsGambit2", "55_KingsGambit2\55_KingsGambit2.csproj", "{6AD24992-0A67-4F93-A2B8-6DC8C0C9E1D3}"
EndProject
Project("{FAE04EC0-301F-11D3-BF4B-00C04F79EFBC}") = "53_Dependencies", "53_Dependencies\53_Dependencies.csproj", "{9A81E639-3BC3-4923-BB33-80316626249F}"
EndProject
Project("{FAE04EC0-301F-11D3-BF4B-00C04F79EFBC}") = "54_TaskForce", "54_TaskForce\54_TaskForce.csproj", "{F56997B2-71AF-4FAB-9EF9-E4F5E9BAC999}"
EndProject
Global
	GlobalSection(SolutionConfigurationPlatforms) = preSolution
		Debug|Any CPU = Debug|Any CPU
		Release|Any CPU = Release|Any CPU
	EndGlobalSection
	GlobalSection(ProjectConfigurationPlatforms) = postSolution
		{A45BAF30-97A7-475D-81EB-4CA436E5A6BE}.Debug|Any CPU.ActiveCfg = Debug|Any CPU
		{A45BAF30-97A7-475D-81EB-4CA436E5A6BE}.Debug|Any CPU.Build.0 = Debug|Any CPU
		{A45BAF30-97A7-475D-81EB-4CA436E5A6BE}.Release|Any CPU.ActiveCfg = Release|Any CPU
		{A45BAF30-97A7-475D-81EB-4CA436E5A6BE}.Release|Any CPU.Build.0 = Release|Any CPU
		{3FEC9DC0-5A92-4DAA-B9E1-0D94064AFA48}.Debug|Any CPU.ActiveCfg = Debug|Any CPU
		{3FEC9DC0-5A92-4DAA-B9E1-0D94064AFA48}.Debug|Any CPU.Build.0 = Debug|Any CPU
		{3FEC9DC0-5A92-4DAA-B9E1-0D94064AFA48}.Release|Any CPU.ActiveCfg = Release|Any CPU
		{3FEC9DC0-5A92-4DAA-B9E1-0D94064AFA48}.Release|Any CPU.Build.0 = Release|Any CPU
		{2C8639EC-FBE1-448E-BC8C-2F50503C086F}.Debug|Any CPU.ActiveCfg = Debug|Any CPU
		{2C8639EC-FBE1-448E-BC8C-2F50503C086F}.Debug|Any CPU.Build.0 = Debug|Any CPU
		{2C8639EC-FBE1-448E-BC8C-2F50503C086F}.Release|Any CPU.ActiveCfg = Release|Any CPU
		{2C8639EC-FBE1-448E-BC8C-2F50503C086F}.Release|Any CPU.Build.0 = Release|Any CPU
		{5B0A4BBD-8776-47F1-AE76-25398177D295}.Debug|Any CPU.ActiveCfg = Debug|Any CPU
		{5B0A4BBD-8776-47F1-AE76-25398177D295}.Debug|Any CPU.Build.0 = Debug|Any CPU
		{5B0A4BBD-8776-47F1-AE76-25398177D295}.Release|Any CPU.ActiveCfg = Release|Any CPU
		{5B0A4BBD-8776-47F1-AE76-25398177D295}.Release|Any CPU.Build.0 = Release|Any CPU
		{B8A4E522-1FBD-4E74-8EF5-D0D760DF84C0}.Debug|Any CPU.ActiveCfg = Debug|Any CPU
		{B8A4E522-1FBD-4E74-8EF5-D0D760DF84C0}.Debug|Any CPU.Build.0 = Debug|Any CPU
		{B8A4E522-1FBD-4E74-8EF5-D0D760DF84C0}.Release|Any CPU.ActiveCfg = Release|Any CPU
		{B8A4E522-1FBD-4E74-8EF5-D0D760DF84C0}.Release|Any CPU.Build.0 = Release|Any CPU
		{6AD24992-0A67-4F93-A2B8-6DC8C0C9E1D3}.Debug|Any CPU.ActiveCfg = Debug|Any CPU
		{6AD24992-0A67-4F93-A2B8-6DC8C0C9E1D3}.Debug|Any CPU.Build.0 = Debug|Any CPU
		{6AD24992-0A67-4F93-A2B8-6DC8C0C9E1D3}.Release|Any CPU.ActiveCfg = Release|Any CPU
		{6AD24992-0A67-4F93-A2B8-6DC8C0C9E1D3}.Release|Any CPU.Build.0 = Release|Any CPU
		{9A81E639-3BC3-4923-BB33-80316626249F}.Debug|Any CPU.ActiveCfg = Debug|Any CPU
		{9A81E639-3BC3-4923-BB33-80316626249F}.Debug|Any CPU.Build.0 = Debug|Any CPU
		{9A81E639-3BC3-4923-BB33-80316626249F}.Release|Any CPU.ActiveCfg = Release|Any CPU
		{9A81E639-3BC3-4923-BB33-80316626249F}.Release|Any CPU.Build.0 = Release|Any CPU
		{F56997B2-71AF-4FAB-9EF9-E4F5E9BAC999}.Debug|Any CPU.ActiveCfg = Debug|Any CPU
		{F56997B2-71AF-4FAB-9EF9-E4F5E9BAC999}.Debug|Any CPU.Build.0 = Debug|Any CPU
		{F56997B2-71AF-4FAB-9EF9-E4F5E9BAC999}.Release|Any CPU.ActiveCfg = Release|Any CPU
		{F56997B2-71AF-4FAB-9EF9-E4F5E9BAC999}.Release|Any CPU.Build.0 = Release|Any CPU
	EndGlobalSection
	GlobalSection(SolutionProperties) = preSolution
		HideSolutionNode = FALSE
	EndGlobalSection
	GlobalSection(ExtensibilityGlobals) = postSolution
		SolutionGuid = {7CD53179-CEAE-4BB0-A1FB-654E7F1FD0F8}
	EndGlobalSection
EndGlobal
