
Microsoft Visual Studio Solution File, Format Version 12.00
# Visual Studio Version 17
VisualStudioVersion = 17.14.36623.8 d17.14
MinimumVisualStudioVersion = 10.0.40219.1
Project("{FAE04EC0-301F-11D3-BF4B-00C04F79EFBC}") = "HobbyClub", "HobbyClub\HobbyClub.csproj", "{5335F1B5-C374-4902-ABAF-FA6A4ABD361E}"
EndProject
Project("{2150E333-8FDC-42A3-9474-1A3956D46DE8}") = "Solution Items", "Solution Items", "{8EC462FD-D22E-90A8-E5CE-7E832BA40C5D}"
	ProjectSection(SolutionItems) = preProject
		HobbyClub.html = HobbyClub.html
		HobbyClub.txt = HobbyClub.txt
	EndProjectSection
EndProject
Project("{FAE04EC0-301F-11D3-BF4B-00C04F79EFBC}") = "UnitTests", "UnitTests\UnitTests.csproj", "{9508A47A-0923-458E-9B50-3BD4D2C713FA}"
EndProject
Global
	GlobalSection(SolutionConfigurationPlatforms) = preSolution
		Debug|Any CPU = Debug|Any CPU
		Release|Any CPU = Release|Any CPU
	EndGlobalSection
	GlobalSection(ProjectConfigurationPlatforms) = postSolution
		{5335F1B5-C374-4902-ABAF-FA6A4ABD361E}.Debug|Any CPU.ActiveCfg = Debug|Any CPU
		{5335F1B5-C374-4902-ABAF-FA6A4ABD361E}.Debug|Any CPU.Build.0 = Debug|Any CPU
		{5335F1B5-C374-4902-ABAF-FA6A4ABD361E}.Release|Any CPU.ActiveCfg = Release|Any CPU
		{5335F1B5-C374-4902-ABAF-FA6A4ABD361E}.Release|Any CPU.Build.0 = Release|Any CPU
		{9508A47A-0923-458E-9B50-3BD4D2C713FA}.Debug|Any CPU.ActiveCfg = Debug|Any CPU
		{9508A47A-0923-458E-9B50-3BD4D2C713FA}.Debug|Any CPU.Build.0 = Debug|Any CPU
		{9508A47A-0923-458E-9B50-3BD4D2C713FA}.Release|Any CPU.ActiveCfg = Release|Any CPU
		{9508A47A-0923-458E-9B50-3BD4D2C713FA}.Release|Any CPU.Build.0 = Release|Any CPU
	EndGlobalSection
	GlobalSection(SolutionProperties) = preSolution
		HideSolutionNode = FALSE
	EndGlobalSection
	GlobalSection(ExtensibilityGlobals) = postSolution
		SolutionGuid = {C82E65ED-86A6-4354-8AB2-9E88921FBCCE}
	EndGlobalSection
EndGlobal
