
Microsoft Visual Studio Solution File, Format Version 12.00
# Visual Studio 15
VisualStudioVersion = 15.0.28010.2019
MinimumVisualStudioVersion = 10.0.40219.1
Project("{FAE04EC0-301F-11D3-BF4B-00C04F79EFBC}") = "611", "611\611.csproj", "{39B5839A-D503-42E0-A048-186A06736734}"
EndProject
Project("{FAE04EC0-301F-11D3-BF4B-00C04F79EFBC}") = "612", "612\612.csproj", "{7C0CF7BC-76B8-4EBC-9B58-4097D0D07EA5}"
EndProject
Project("{FAE04EC0-301F-11D3-BF4B-00C04F79EFBC}") = "613", "613\613.csproj", "{08AEF8E7-1F7E-43D3-983E-E4B534D2931C}"
EndProject
Project("{FAE04EC0-301F-11D3-BF4B-00C04F79EFBC}") = "614", "614\614.csproj", "{0E816F52-42B7-4E57-AA24-4CC9393A3206}"
EndProject
Project("{FAE04EC0-301F-11D3-BF4B-00C04F79EFBC}") = "615", "615\615.csproj", "{14150CC2-096A-41CA-8588-9F112438EA5F}"
EndProject
Global
	GlobalSection(SolutionConfigurationPlatforms) = preSolution
		Debug|Any CPU = Debug|Any CPU
		Release|Any CPU = Release|Any CPU
	EndGlobalSection
	GlobalSection(ProjectConfigurationPlatforms) = postSolution
		{39B5839A-D503-42E0-A048-186A06736734}.Debug|Any CPU.ActiveCfg = Debug|Any CPU
		{39B5839A-D503-42E0-A048-186A06736734}.Debug|Any CPU.Build.0 = Debug|Any CPU
		{39B5839A-D503-42E0-A048-186A06736734}.Release|Any CPU.ActiveCfg = Release|Any CPU
		{39B5839A-D503-42E0-A048-186A06736734}.Release|Any CPU.Build.0 = Release|Any CPU
		{7C0CF7BC-76B8-4EBC-9B58-4097D0D07EA5}.Debug|Any CPU.ActiveCfg = Debug|Any CPU
		{7C0CF7BC-76B8-4EBC-9B58-4097D0D07EA5}.Debug|Any CPU.Build.0 = Debug|Any CPU
		{7C0CF7BC-76B8-4EBC-9B58-4097D0D07EA5}.Release|Any CPU.ActiveCfg = Release|Any CPU
		{7C0CF7BC-76B8-4EBC-9B58-4097D0D07EA5}.Release|Any CPU.Build.0 = Release|Any CPU
		{08AEF8E7-1F7E-43D3-983E-E4B534D2931C}.Debug|Any CPU.ActiveCfg = Debug|Any CPU
		{08AEF8E7-1F7E-43D3-983E-E4B534D2931C}.Debug|Any CPU.Build.0 = Debug|Any CPU
		{08AEF8E7-1F7E-43D3-983E-E4B534D2931C}.Release|Any CPU.ActiveCfg = Release|Any CPU
		{08AEF8E7-1F7E-43D3-983E-E4B534D2931C}.Release|Any CPU.Build.0 = Release|Any CPU
		{0E816F52-42B7-4E57-AA24-4CC9393A3206}.Debug|Any CPU.ActiveCfg = Debug|Any CPU
		{0E816F52-42B7-4E57-AA24-4CC9393A3206}.Debug|Any CPU.Build.0 = Debug|Any CPU
		{0E816F52-42B7-4E57-AA24-4CC9393A3206}.Release|Any CPU.ActiveCfg = Release|Any CPU
		{0E816F52-42B7-4E57-AA24-4CC9393A3206}.Release|Any CPU.Build.0 = Release|Any CPU
		{14150CC2-096A-41CA-8588-9F112438EA5F}.Debug|Any CPU.ActiveCfg = Debug|Any CPU
		{14150CC2-096A-41CA-8588-9F112438EA5F}.Debug|Any CPU.Build.0 = Debug|Any CPU
		{14150CC2-096A-41CA-8588-9F112438EA5F}.Release|Any CPU.ActiveCfg = Release|Any CPU
		{14150CC2-096A-41CA-8588-9F112438EA5F}.Release|Any CPU.Build.0 = Release|Any CPU
	EndGlobalSection
	GlobalSection(SolutionProperties) = preSolution
		HideSolutionNode = FALSE
	EndGlobalSection
	GlobalSection(ExtensibilityGlobals) = postSolution
		SolutionGuid = {B0653268-5898-4F2D-8EA1-3C34E2C3C3AA}
	EndGlobalSection
EndGlobal
