
Microsoft Visual Studio Solution File, Format Version 12.00
# Visual Studio Version 16
VisualStudioVersion = 16.0.29230.47
MinimumVisualStudioVersion = 10.0.40219.1
Project("{FAE04EC0-301F-11D3-BF4B-00C04F79EFBC}") = "01_Fibonacci", "01_Fibonacci\01_Fibonacci.csproj", "{F1DDBBEA-BAC0-435D-94C0-4393754C0838}"
EndProject
Project("{FAE04EC0-301F-11D3-BF4B-00C04F79EFBC}") = "02_GCD", "02_GCD\02_GCD.csproj", "{46A9AC73-DF5E-456A-835C-785A916FB646}"
EndProject
Project("{FAE04EC0-301F-11D3-BF4B-00C04F79EFBC}") = "03_LCM", "03_LCM\03_LCM.csproj", "{DEBD0B19-6984-4C41-9C6C-F46734E70C27}"
EndProject
Global
	GlobalSection(SolutionConfigurationPlatforms) = preSolution
		Debug|Any CPU = Debug|Any CPU
		Release|Any CPU = Release|Any CPU
	EndGlobalSection
	GlobalSection(ProjectConfigurationPlatforms) = postSolution
		{F1DDBBEA-BAC0-435D-94C0-4393754C0838}.Debug|Any CPU.ActiveCfg = Debug|Any CPU
		{F1DDBBEA-BAC0-435D-94C0-4393754C0838}.Debug|Any CPU.Build.0 = Debug|Any CPU
		{F1DDBBEA-BAC0-435D-94C0-4393754C0838}.Release|Any CPU.ActiveCfg = Release|Any CPU
		{F1DDBBEA-BAC0-435D-94C0-4393754C0838}.Release|Any CPU.Build.0 = Release|Any CPU
		{46A9AC73-DF5E-456A-835C-785A916FB646}.Debug|Any CPU.ActiveCfg = Debug|Any CPU
		{46A9AC73-DF5E-456A-835C-785A916FB646}.Debug|Any CPU.Build.0 = Debug|Any CPU
		{46A9AC73-DF5E-456A-835C-785A916FB646}.Release|Any CPU.ActiveCfg = Release|Any CPU
		{46A9AC73-DF5E-456A-835C-785A916FB646}.Release|Any CPU.Build.0 = Release|Any CPU
		{DEBD0B19-6984-4C41-9C6C-F46734E70C27}.Debug|Any CPU.ActiveCfg = Debug|Any CPU
		{DEBD0B19-6984-4C41-9C6C-F46734E70C27}.Debug|Any CPU.Build.0 = Debug|Any CPU
		{DEBD0B19-6984-4C41-9C6C-F46734E70C27}.Release|Any CPU.ActiveCfg = Release|Any CPU
		{DEBD0B19-6984-4C41-9C6C-F46734E70C27}.Release|Any CPU.Build.0 = Release|Any CPU
	EndGlobalSection
	GlobalSection(SolutionProperties) = preSolution
		HideSolutionNode = FALSE
	EndGlobalSection
	GlobalSection(ExtensibilityGlobals) = postSolution
		SolutionGuid = {3828F40D-035D-46E3-B610-EA375CB325FA}
	EndGlobalSection
EndGlobal
