
Microsoft Visual Studio Solution File, Format Version 12.00
# Visual Studio 15
VisualStudioVersion = 15.0.28307.329
MinimumVisualStudioVersion = 10.0.40219.1
Project("{FAE04EC0-301F-11D3-BF4B-00C04F79EFBC}") = "01. ArraySlider", "01. ArraySlider\01. ArraySlider.csproj", "{DFE20412-0007-4E29-AF5E-66A9057C7484}"
EndProject
Project("{FAE04EC0-301F-11D3-BF4B-00C04F79EFBC}") = "02. YoloSnake", "02. YoloSnake\02. YoloSnake.csproj", "{827380BA-AC41-4321-AAA0-7F3E34EAE2C9}"
EndProject
Project("{FAE04EC0-301F-11D3-BF4B-00C04F79EFBC}") = "03. StringExtensions", "03. StringExtensions\03. StringExtensions.csproj", "{3831C4AB-F6B1-4C24-96B2-9AE69F4D534A}"
EndProject
Global
	GlobalSection(SolutionConfigurationPlatforms) = preSolution
		Debug|Any CPU = Debug|Any CPU
		Release|Any CPU = Release|Any CPU
	EndGlobalSection
	GlobalSection(ProjectConfigurationPlatforms) = postSolution
		{DFE20412-0007-4E29-AF5E-66A9057C7484}.Debug|Any CPU.ActiveCfg = Debug|Any CPU
		{DFE20412-0007-4E29-AF5E-66A9057C7484}.Debug|Any CPU.Build.0 = Debug|Any CPU
		{DFE20412-0007-4E29-AF5E-66A9057C7484}.Release|Any CPU.ActiveCfg = Release|Any CPU
		{DFE20412-0007-4E29-AF5E-66A9057C7484}.Release|Any CPU.Build.0 = Release|Any CPU
		{827380BA-AC41-4321-AAA0-7F3E34EAE2C9}.Debug|Any CPU.ActiveCfg = Debug|Any CPU
		{827380BA-AC41-4321-AAA0-7F3E34EAE2C9}.Debug|Any CPU.Build.0 = Debug|Any CPU
		{827380BA-AC41-4321-AAA0-7F3E34EAE2C9}.Release|Any CPU.ActiveCfg = Release|Any CPU
		{827380BA-AC41-4321-AAA0-7F3E34EAE2C9}.Release|Any CPU.Build.0 = Release|Any CPU
		{3831C4AB-F6B1-4C24-96B2-9AE69F4D534A}.Debug|Any CPU.ActiveCfg = Debug|Any CPU
		{3831C4AB-F6B1-4C24-96B2-9AE69F4D534A}.Debug|Any CPU.Build.0 = Debug|Any CPU
		{3831C4AB-F6B1-4C24-96B2-9AE69F4D534A}.Release|Any CPU.ActiveCfg = Release|Any CPU
		{3831C4AB-F6B1-4C24-96B2-9AE69F4D534A}.Release|Any CPU.Build.0 = Release|Any CPU
	EndGlobalSection
	GlobalSection(SolutionProperties) = preSolution
		HideSolutionNode = FALSE
	EndGlobalSection
	GlobalSection(ExtensibilityGlobals) = postSolution
		SolutionGuid = {2CBF4453-7D5F-47F4-B73D-AC2D273192F2}
	EndGlobalSection
EndGlobal
