
Microsoft Visual Studio Solution File, Format Version 12.00
# Visual Studio Version 16
VisualStudioVersion = 16.0.29230.47
MinimumVisualStudioVersion = 10.0.40219.1
Project("{FAE04EC0-301F-11D3-BF4B-00C04F79EFBC}") = "01_SumRepresentatioun", "01_SumRepresentatioun\01_SumRepresentatioun.csproj", "{024E708F-5ECF-4E2B-83D4-E60DCC9130EC}"
EndProject
Project("{FAE04EC0-301F-11D3-BF4B-00C04F79EFBC}") = "02_EgyptianFractions", "02_EgyptianFractions\02_EgyptianFractions.csproj", "{48F670A2-A866-40D6-96E0-9EA984B947FE}"
EndProject
Project("{FAE04EC0-301F-11D3-BF4B-00C04F79EFBC}") = "03_Backpack", "03_Backpack\03_Backpack.csproj", "{374A5093-8855-416E-B6FC-7B6A13283090}"
EndProject
Project("{FAE04EC0-301F-11D3-BF4B-00C04F79EFBC}") = "04_Activities", "04_Activities\04_Activities.csproj", "{3E7BDB35-F337-4740-9BEF-08C73B858408}"
EndProject
Project("{FAE04EC0-301F-11D3-BF4B-00C04F79EFBC}") = "05_MagnetTape", "05_MagnetTape\05_MagnetTape.csproj", "{C5AE93E7-FB3D-4E6E-8D5C-8034BDAE0CDF}"
EndProject
Project("{FAE04EC0-301F-11D3-BF4B-00C04F79EFBC}") = "06_Jobs", "06_Jobs\06_Jobs.csproj", "{43F8536A-1DA3-4735-B472-4356E3D25593}"
EndProject
Global
	GlobalSection(SolutionConfigurationPlatforms) = preSolution
		Debug|Any CPU = Debug|Any CPU
		Release|Any CPU = Release|Any CPU
	EndGlobalSection
	GlobalSection(ProjectConfigurationPlatforms) = postSolution
		{024E708F-5ECF-4E2B-83D4-E60DCC9130EC}.Debug|Any CPU.ActiveCfg = Debug|Any CPU
		{024E708F-5ECF-4E2B-83D4-E60DCC9130EC}.Debug|Any CPU.Build.0 = Debug|Any CPU
		{024E708F-5ECF-4E2B-83D4-E60DCC9130EC}.Release|Any CPU.ActiveCfg = Release|Any CPU
		{024E708F-5ECF-4E2B-83D4-E60DCC9130EC}.Release|Any CPU.Build.0 = Release|Any CPU
		{48F670A2-A866-40D6-96E0-9EA984B947FE}.Debug|Any CPU.ActiveCfg = Debug|Any CPU
		{48F670A2-A866-40D6-96E0-9EA984B947FE}.Debug|Any CPU.Build.0 = Debug|Any CPU
		{48F670A2-A866-40D6-96E0-9EA984B947FE}.Release|Any CPU.ActiveCfg = Release|Any CPU
		{48F670A2-A866-40D6-96E0-9EA984B947FE}.Release|Any CPU.Build.0 = Release|Any CPU
		{374A5093-8855-416E-B6FC-7B6A13283090}.Debug|Any CPU.ActiveCfg = Debug|Any CPU
		{374A5093-8855-416E-B6FC-7B6A13283090}.Debug|Any CPU.Build.0 = Debug|Any CPU
		{374A5093-8855-416E-B6FC-7B6A13283090}.Release|Any CPU.ActiveCfg = Release|Any CPU
		{374A5093-8855-416E-B6FC-7B6A13283090}.Release|Any CPU.Build.0 = Release|Any CPU
		{3E7BDB35-F337-4740-9BEF-08C73B858408}.Debug|Any CPU.ActiveCfg = Debug|Any CPU
		{3E7BDB35-F337-4740-9BEF-08C73B858408}.Debug|Any CPU.Build.0 = Debug|Any CPU
		{3E7BDB35-F337-4740-9BEF-08C73B858408}.Release|Any CPU.ActiveCfg = Release|Any CPU
		{3E7BDB35-F337-4740-9BEF-08C73B858408}.Release|Any CPU.Build.0 = Release|Any CPU
		{C5AE93E7-FB3D-4E6E-8D5C-8034BDAE0CDF}.Debug|Any CPU.ActiveCfg = Debug|Any CPU
		{C5AE93E7-FB3D-4E6E-8D5C-8034BDAE0CDF}.Debug|Any CPU.Build.0 = Debug|Any CPU
		{C5AE93E7-FB3D-4E6E-8D5C-8034BDAE0CDF}.Release|Any CPU.ActiveCfg = Release|Any CPU
		{C5AE93E7-FB3D-4E6E-8D5C-8034BDAE0CDF}.Release|Any CPU.Build.0 = Release|Any CPU
		{43F8536A-1DA3-4735-B472-4356E3D25593}.Debug|Any CPU.ActiveCfg = Debug|Any CPU
		{43F8536A-1DA3-4735-B472-4356E3D25593}.Debug|Any CPU.Build.0 = Debug|Any CPU
		{43F8536A-1DA3-4735-B472-4356E3D25593}.Release|Any CPU.ActiveCfg = Release|Any CPU
		{43F8536A-1DA3-4735-B472-4356E3D25593}.Release|Any CPU.Build.0 = Release|Any CPU
	EndGlobalSection
	GlobalSection(SolutionProperties) = preSolution
		HideSolutionNode = FALSE
	EndGlobalSection
	GlobalSection(ExtensibilityGlobals) = postSolution
		SolutionGuid = {BB608442-48D7-4B02-8DBE-E689F75991E9}
	EndGlobalSection
EndGlobal
