
Microsoft Visual Studio Solution File, Format Version 12.00
# Visual Studio Version 17
VisualStudioVersion = 17.3.32922.545
MinimumVisualStudioVersion = 10.0.40219.1
Project("{FAE04EC0-301F-11D3-BF4B-00C04F79EFBC}") = "01_WorkingWithFiles", "01_WorkingWithFiles\01_WorkingWithFiles.csproj", "{709B76DB-D0C8-4B28-BC2C-B5427EF0153A}"
EndProject
Project("{FAE04EC0-301F-11D3-BF4B-00C04F79EFBC}") = "02_Person", "02_Person\02_Person.csproj", "{FA59723C-90BB-46C4-B1ED-D402267819ED}"
EndProject
Global
	GlobalSection(SolutionConfigurationPlatforms) = preSolution
		Debug|Any CPU = Debug|Any CPU
		Release|Any CPU = Release|Any CPU
	EndGlobalSection
	GlobalSection(ProjectConfigurationPlatforms) = postSolution
		{709B76DB-D0C8-4B28-BC2C-B5427EF0153A}.Debug|Any CPU.ActiveCfg = Debug|Any CPU
		{709B76DB-D0C8-4B28-BC2C-B5427EF0153A}.Debug|Any CPU.Build.0 = Debug|Any CPU
		{709B76DB-D0C8-4B28-BC2C-B5427EF0153A}.Release|Any CPU.ActiveCfg = Release|Any CPU
		{709B76DB-D0C8-4B28-BC2C-B5427EF0153A}.Release|Any CPU.Build.0 = Release|Any CPU
		{FA59723C-90BB-46C4-B1ED-D402267819ED}.Debug|Any CPU.ActiveCfg = Debug|Any CPU
		{FA59723C-90BB-46C4-B1ED-D402267819ED}.Debug|Any CPU.Build.0 = Debug|Any CPU
		{FA59723C-90BB-46C4-B1ED-D402267819ED}.Release|Any CPU.ActiveCfg = Release|Any CPU
		{FA59723C-90BB-46C4-B1ED-D402267819ED}.Release|Any CPU.Build.0 = Release|Any CPU
	EndGlobalSection
	GlobalSection(SolutionProperties) = preSolution
		HideSolutionNode = FALSE
	EndGlobalSection
	GlobalSection(ExtensibilityGlobals) = postSolution
		SolutionGuid = {6B337F94-07A5-4437-9AB3-0839123B8FE4}
	EndGlobalSection
EndGlobal
