
Microsoft Visual Studio Solution File, Format Version 12.00
# Visual Studio Version 17
VisualStudioVersion = 17.5.33516.290
MinimumVisualStudioVersion = 10.0.40219.1
Project("{FAE04EC0-301F-11D3-BF4B-00C04F79EFBC}") = "01. NameChangeEvent", "NameChangeEvent\01. NameChangeEvent.csproj", "{A1AAEAEA-6E04-4942-8A8A-F2CA7AC55CB4}"
EndProject
Project("{FAE04EC0-301F-11D3-BF4B-00C04F79EFBC}") = "02. KingGambit", "KingGambit\02. KingGambit.csproj", "{EA24579F-4613-44F9-BC01-EBE37F90239A}"
EndProject
Project("{FAE04EC0-301F-11D3-BF4B-00C04F79EFBC}") = "03. AvoidDependencies", "AvoidDependencies\03. AvoidDependencies.csproj", "{B664F520-29C0-42DC-AF33-F0615199F818}"
EndProject
Project("{FAE04EC0-301F-11D3-BF4B-00C04F79EFBC}") = "04. TaskForce", "TaskForce\04. TaskForce.csproj", "{D6520947-03DF-4B5E-875E-7F1FD0A483AB}"
EndProject
Project("{FAE04EC0-301F-11D3-BF4B-00C04F79EFBC}") = "05. KingGambit2", "KingGambit2\05. KingGambit2.csproj", "{519582C7-3CE3-4C3B-B27C-74FB86180EEB}"
EndProject
Global
	GlobalSection(SolutionConfigurationPlatforms) = preSolution
		Debug|Any CPU = Debug|Any CPU
		Release|Any CPU = Release|Any CPU
	EndGlobalSection
	GlobalSection(ProjectConfigurationPlatforms) = postSolution
		{A1AAEAEA-6E04-4942-8A8A-F2CA7AC55CB4}.Debug|Any CPU.ActiveCfg = Debug|Any CPU
		{A1AAEAEA-6E04-4942-8A8A-F2CA7AC55CB4}.Debug|Any CPU.Build.0 = Debug|Any CPU
		{A1AAEAEA-6E04-4942-8A8A-F2CA7AC55CB4}.Release|Any CPU.ActiveCfg = Release|Any CPU
		{A1AAEAEA-6E04-4942-8A8A-F2CA7AC55CB4}.Release|Any CPU.Build.0 = Release|Any CPU
		{EA24579F-4613-44F9-BC01-EBE37F90239A}.Debug|Any CPU.ActiveCfg = Debug|Any CPU
		{EA24579F-4613-44F9-BC01-EBE37F90239A}.Debug|Any CPU.Build.0 = Debug|Any CPU
		{EA24579F-4613-44F9-BC01-EBE37F90239A}.Release|Any CPU.ActiveCfg = Release|Any CPU
		{EA24579F-4613-44F9-BC01-EBE37F90239A}.Release|Any CPU.Build.0 = Release|Any CPU
		{B664F520-29C0-42DC-AF33-F0615199F818}.Debug|Any CPU.ActiveCfg = Debug|Any CPU
		{B664F520-29C0-42DC-AF33-F0615199F818}.Debug|Any CPU.Build.0 = Debug|Any CPU
		{B664F520-29C0-42DC-AF33-F0615199F818}.Release|Any CPU.ActiveCfg = Release|Any CPU
		{B664F520-29C0-42DC-AF33-F0615199F818}.Release|Any CPU.Build.0 = Release|Any CPU
		{D6520947-03DF-4B5E-875E-7F1FD0A483AB}.Debug|Any CPU.ActiveCfg = Debug|Any CPU
		{D6520947-03DF-4B5E-875E-7F1FD0A483AB}.Debug|Any CPU.Build.0 = Debug|Any CPU
		{D6520947-03DF-4B5E-875E-7F1FD0A483AB}.Release|Any CPU.ActiveCfg = Release|Any CPU
		{D6520947-03DF-4B5E-875E-7F1FD0A483AB}.Release|Any CPU.Build.0 = Release|Any CPU
		{519582C7-3CE3-4C3B-B27C-74FB86180EEB}.Debug|Any CPU.ActiveCfg = Debug|Any CPU
		{519582C7-3CE3-4C3B-B27C-74FB86180EEB}.Debug|Any CPU.Build.0 = Debug|Any CPU
		{519582C7-3CE3-4C3B-B27C-74FB86180EEB}.Release|Any CPU.ActiveCfg = Release|Any CPU
		{519582C7-3CE3-4C3B-B27C-74FB86180EEB}.Release|Any CPU.Build.0 = Release|Any CPU
	EndGlobalSection
	GlobalSection(SolutionProperties) = preSolution
		HideSolutionNode = FALSE
	EndGlobalSection
	GlobalSection(ExtensibilityGlobals) = postSolution
		SolutionGuid = {4510E488-F39B-4AB6-AB4E-71D533EBDDDB}
	EndGlobalSection
EndGlobal
