
Microsoft Visual Studio Solution File, Format Version 12.00
# Visual Studio 15
VisualStudioVersion = 15.0.27130.2020
MinimumVisualStudioVersion = 10.0.40219.1
Project("{9A19103F-16F7-4668-BE54-9A1E7A4F7556}") = "Bozhidar Andonov", "Hello Bozhidar\Bozhidar Andonov.csproj", "{8210C0C1-3D1A-4E6A-8CBE-088444A51775}"
EndProject
Project("{FAE04EC0-301F-11D3-BF4B-00C04F79EFBC}") = "Jordan Jordanov", "JordanPMG\Jordan Jordanov.csproj", "{69E52CAF-891E-47D0-8BBF-702B140FD678}"
EndProject
Project("{FAE04EC0-301F-11D3-BF4B-00C04F79EFBC}") = "Vlado Vladimirov", "vladoPMG\Vlado Vladimirov.csproj", "{9D4AE38D-962F-4AB3-8A7D-BFB704276769}"
EndProject
Project("{9A19103F-16F7-4668-BE54-9A1E7A4F7556}") = "Desislava Zoin", "DesislavaZoin\Desislava Zoin.csproj", "{33BA186F-C027-4451-AC16-500C940EB9E5}"
EndProject
Project("{FAE04EC0-301F-11D3-BF4B-00C04F79EFBC}") = "Petko Lyutskanov", "PetkoLyutskanov\Petko Lyutskanov.csproj", "{4695C855-F48C-4032-B4BB-4C10E047CEB1}"
EndProject
Project("{FAE04EC0-301F-11D3-BF4B-00C04F79EFBC}") = "PetarKolev", "PetarKolev\PetarKolev.csproj", "{1CB94784-3703-4FCB-8650-84C369687039}"
EndProject
Project("{FAE04EC0-301F-11D3-BF4B-00C04F79EFBC}") = "Christian Neykov", "Christian Neykov\Christian Neykov.csproj", "{529512E4-44A9-4D9E-88E6-E69E6EF94C46}"
EndProject
Project("{FAE04EC0-301F-11D3-BF4B-00C04F79EFBC}") = "Pavel Nedkov", "Pavel Nedkov\Pavel Nedkov.csproj", "{0B984530-253E-462A-A33C-05CBCEB7E6C6}"
EndProject
Project("{FAE04EC0-301F-11D3-BF4B-00C04F79EFBC}") = "Bojidar Markov", "Bojidar Markov\Bojidar Markov.csproj", "{0274BD4B-0E79-40B0-97B7-3AA1997C08D9}"
EndProject
Project("{FAE04EC0-301F-11D3-BF4B-00C04F79EFBC}") = "Tanyo Stanev", "Tanyo Stanev\Tanyo Stanev.csproj", "{8B93C5AA-211C-4C31-9F70-9EA8768F24B6}"
EndProject
Project("{FAE04EC0-301F-11D3-BF4B-00C04F79EFBC}") = "Jordan Dobromirov", "Jordan Dobromirov\Jordan Dobromirov.csproj", "{E05ADA78-97CC-4E03-A492-33EE9991CDAD}"
EndProject
Project("{FAE04EC0-301F-11D3-BF4B-00C04F79EFBC}") = "Chavdar", "Chavdar\Chavdar.csproj", "{3C1B72C3-1B0E-4E14-B36B-A3C6EAF2CEFB}"
EndProject
Project("{FAE04EC0-301F-11D3-BF4B-00C04F79EFBC}") = "re", "re\re.csproj", "{260D42DE-BA8B-44CC-B69D-83B01D16EE1A}"
EndProject
Global
	GlobalSection(SolutionConfigurationPlatforms) = preSolution
		Debug|Any CPU = Debug|Any CPU
		Release|Any CPU = Release|Any CPU
	EndGlobalSection
	GlobalSection(ProjectConfigurationPlatforms) = postSolution
		{8210C0C1-3D1A-4E6A-8CBE-088444A51775}.Debug|Any CPU.ActiveCfg = Debug|Any CPU
		{8210C0C1-3D1A-4E6A-8CBE-088444A51775}.Debug|Any CPU.Build.0 = Debug|Any CPU
		{8210C0C1-3D1A-4E6A-8CBE-088444A51775}.Release|Any CPU.ActiveCfg = Release|Any CPU
		{8210C0C1-3D1A-4E6A-8CBE-088444A51775}.Release|Any CPU.Build.0 = Release|Any CPU
		{69E52CAF-891E-47D0-8BBF-702B140FD678}.Debug|Any CPU.ActiveCfg = Debug|Any CPU
		{69E52CAF-891E-47D0-8BBF-702B140FD678}.Debug|Any CPU.Build.0 = Debug|Any CPU
		{69E52CAF-891E-47D0-8BBF-702B140FD678}.Release|Any CPU.ActiveCfg = Release|Any CPU
		{69E52CAF-891E-47D0-8BBF-702B140FD678}.Release|Any CPU.Build.0 = Release|Any CPU
		{9D4AE38D-962F-4AB3-8A7D-BFB704276769}.Debug|Any CPU.ActiveCfg = Debug|Any CPU
		{9D4AE38D-962F-4AB3-8A7D-BFB704276769}.Debug|Any CPU.Build.0 = Debug|Any CPU
		{9D4AE38D-962F-4AB3-8A7D-BFB704276769}.Release|Any CPU.ActiveCfg = Release|Any CPU
		{9D4AE38D-962F-4AB3-8A7D-BFB704276769}.Release|Any CPU.Build.0 = Release|Any CPU
		{33BA186F-C027-4451-AC16-500C940EB9E5}.Debug|Any CPU.ActiveCfg = Debug|Any CPU
		{33BA186F-C027-4451-AC16-500C940EB9E5}.Debug|Any CPU.Build.0 = Debug|Any CPU
		{33BA186F-C027-4451-AC16-500C940EB9E5}.Release|Any CPU.ActiveCfg = Release|Any CPU
		{33BA186F-C027-4451-AC16-500C940EB9E5}.Release|Any CPU.Build.0 = Release|Any CPU
		{4695C855-F48C-4032-B4BB-4C10E047CEB1}.Debug|Any CPU.ActiveCfg = Debug|Any CPU
		{4695C855-F48C-4032-B4BB-4C10E047CEB1}.Debug|Any CPU.Build.0 = Debug|Any CPU
		{4695C855-F48C-4032-B4BB-4C10E047CEB1}.Release|Any CPU.ActiveCfg = Release|Any CPU
		{4695C855-F48C-4032-B4BB-4C10E047CEB1}.Release|Any CPU.Build.0 = Release|Any CPU
		{1CB94784-3703-4FCB-8650-84C369687039}.Debug|Any CPU.ActiveCfg = Debug|Any CPU
		{1CB94784-3703-4FCB-8650-84C369687039}.Debug|Any CPU.Build.0 = Debug|Any CPU
		{1CB94784-3703-4FCB-8650-84C369687039}.Release|Any CPU.ActiveCfg = Release|Any CPU
		{1CB94784-3703-4FCB-8650-84C369687039}.Release|Any CPU.Build.0 = Release|Any CPU
		{529512E4-44A9-4D9E-88E6-E69E6EF94C46}.Debug|Any CPU.ActiveCfg = Debug|Any CPU
		{529512E4-44A9-4D9E-88E6-E69E6EF94C46}.Debug|Any CPU.Build.0 = Debug|Any CPU
		{529512E4-44A9-4D9E-88E6-E69E6EF94C46}.Release|Any CPU.ActiveCfg = Release|Any CPU
		{529512E4-44A9-4D9E-88E6-E69E6EF94C46}.Release|Any CPU.Build.0 = Release|Any CPU
		{0B984530-253E-462A-A33C-05CBCEB7E6C6}.Debug|Any CPU.ActiveCfg = Debug|Any CPU
		{0B984530-253E-462A-A33C-05CBCEB7E6C6}.Debug|Any CPU.Build.0 = Debug|Any CPU
		{0B984530-253E-462A-A33C-05CBCEB7E6C6}.Release|Any CPU.ActiveCfg = Release|Any CPU
		{0B984530-253E-462A-A33C-05CBCEB7E6C6}.Release|Any CPU.Build.0 = Release|Any CPU
		{0274BD4B-0E79-40B0-97B7-3AA1997C08D9}.Debug|Any CPU.ActiveCfg = Debug|Any CPU
		{0274BD4B-0E79-40B0-97B7-3AA1997C08D9}.Debug|Any CPU.Build.0 = Debug|Any CPU
		{0274BD4B-0E79-40B0-97B7-3AA1997C08D9}.Release|Any CPU.ActiveCfg = Release|Any CPU
		{0274BD4B-0E79-40B0-97B7-3AA1997C08D9}.Release|Any CPU.Build.0 = Release|Any CPU
		{8B93C5AA-211C-4C31-9F70-9EA8768F24B6}.Debug|Any CPU.ActiveCfg = Debug|Any CPU
		{8B93C5AA-211C-4C31-9F70-9EA8768F24B6}.Debug|Any CPU.Build.0 = Debug|Any CPU
		{8B93C5AA-211C-4C31-9F70-9EA8768F24B6}.Release|Any CPU.ActiveCfg = Release|Any CPU
		{8B93C5AA-211C-4C31-9F70-9EA8768F24B6}.Release|Any CPU.Build.0 = Release|Any CPU
		{E05ADA78-97CC-4E03-A492-33EE9991CDAD}.Debug|Any CPU.ActiveCfg = Debug|Any CPU
		{E05ADA78-97CC-4E03-A492-33EE9991CDAD}.Debug|Any CPU.Build.0 = Debug|Any CPU
		{E05ADA78-97CC-4E03-A492-33EE9991CDAD}.Release|Any CPU.ActiveCfg = Release|Any CPU
		{E05ADA78-97CC-4E03-A492-33EE9991CDAD}.Release|Any CPU.Build.0 = Release|Any CPU
		{3C1B72C3-1B0E-4E14-B36B-A3C6EAF2CEFB}.Debug|Any CPU.ActiveCfg = Debug|Any CPU
		{3C1B72C3-1B0E-4E14-B36B-A3C6EAF2CEFB}.Debug|Any CPU.Build.0 = Debug|Any CPU
		{3C1B72C3-1B0E-4E14-B36B-A3C6EAF2CEFB}.Release|Any CPU.ActiveCfg = Release|Any CPU
		{3C1B72C3-1B0E-4E14-B36B-A3C6EAF2CEFB}.Release|Any CPU.Build.0 = Release|Any CPU
		{260D42DE-BA8B-44CC-B69D-83B01D16EE1A}.Debug|Any CPU.ActiveCfg = Debug|Any CPU
		{260D42DE-BA8B-44CC-B69D-83B01D16EE1A}.Debug|Any CPU.Build.0 = Debug|Any CPU
		{260D42DE-BA8B-44CC-B69D-83B01D16EE1A}.Release|Any CPU.ActiveCfg = Release|Any CPU
		{260D42DE-BA8B-44CC-B69D-83B01D16EE1A}.Release|Any CPU.Build.0 = Release|Any CPU
	EndGlobalSection
	GlobalSection(SolutionProperties) = preSolution
		HideSolutionNode = FALSE
	EndGlobalSection
	GlobalSection(ExtensibilityGlobals) = postSolution
		SolutionGuid = {8DF41190-A184-4C28-A2FA-3717FF580D0B}
	EndGlobalSection
EndGlobal
