
Microsoft Visual Studio Solution File, Format Version 12.00
# Visual Studio Version 16
VisualStudioVersion = 16.0.29306.81
MinimumVisualStudioVersion = 10.0.40219.1
Project("{FAE04EC0-301F-11D3-BF4B-00C04F79EFBC}") = "01_Library", "01_Library\01_Library.csproj", "{373C294E-60B6-4064-BE16-F0A671269F07}"
EndProject
Project("{FAE04EC0-301F-11D3-BF4B-00C04F79EFBC}") = "02_ComparableBook", "02_ComparableBook\02_ComparableBook.csproj", "{06BB0C17-8643-42DD-9406-28C9AF4FF638}"
EndProject
Project("{FAE04EC0-301F-11D3-BF4B-00C04F79EFBC}") = "03_BookComparator", "03_BookComparator\03_BookComparator.csproj", "{503B2A0D-192C-40E8-8ECE-4DE7C28EE56F}"
EndProject
Project("{FAE04EC0-301F-11D3-BF4B-00C04F79EFBC}") = "623", "623\623.csproj", "{B8C8A4C8-AE59-4411-9A19-FE6D45E50582}"
EndProject
Global
	GlobalSection(SolutionConfigurationPlatforms) = preSolution
		Debug|Any CPU = Debug|Any CPU
		Release|Any CPU = Release|Any CPU
	EndGlobalSection
	GlobalSection(ProjectConfigurationPlatforms) = postSolution
		{373C294E-60B6-4064-BE16-F0A671269F07}.Debug|Any CPU.ActiveCfg = Debug|Any CPU
		{373C294E-60B6-4064-BE16-F0A671269F07}.Debug|Any CPU.Build.0 = Debug|Any CPU
		{373C294E-60B6-4064-BE16-F0A671269F07}.Release|Any CPU.ActiveCfg = Release|Any CPU
		{373C294E-60B6-4064-BE16-F0A671269F07}.Release|Any CPU.Build.0 = Release|Any CPU
		{06BB0C17-8643-42DD-9406-28C9AF4FF638}.Debug|Any CPU.ActiveCfg = Debug|Any CPU
		{06BB0C17-8643-42DD-9406-28C9AF4FF638}.Debug|Any CPU.Build.0 = Debug|Any CPU
		{06BB0C17-8643-42DD-9406-28C9AF4FF638}.Release|Any CPU.ActiveCfg = Release|Any CPU
		{06BB0C17-8643-42DD-9406-28C9AF4FF638}.Release|Any CPU.Build.0 = Release|Any CPU
		{503B2A0D-192C-40E8-8ECE-4DE7C28EE56F}.Debug|Any CPU.ActiveCfg = Debug|Any CPU
		{503B2A0D-192C-40E8-8ECE-4DE7C28EE56F}.Debug|Any CPU.Build.0 = Debug|Any CPU
		{503B2A0D-192C-40E8-8ECE-4DE7C28EE56F}.Release|Any CPU.ActiveCfg = Release|Any CPU
		{503B2A0D-192C-40E8-8ECE-4DE7C28EE56F}.Release|Any CPU.Build.0 = Release|Any CPU
		{B8C8A4C8-AE59-4411-9A19-FE6D45E50582}.Debug|Any CPU.ActiveCfg = Debug|Any CPU
		{B8C8A4C8-AE59-4411-9A19-FE6D45E50582}.Debug|Any CPU.Build.0 = Debug|Any CPU
		{B8C8A4C8-AE59-4411-9A19-FE6D45E50582}.Release|Any CPU.ActiveCfg = Release|Any CPU
		{B8C8A4C8-AE59-4411-9A19-FE6D45E50582}.Release|Any CPU.Build.0 = Release|Any CPU
	EndGlobalSection
	GlobalSection(SolutionProperties) = preSolution
		HideSolutionNode = FALSE
	EndGlobalSection
	GlobalSection(ExtensibilityGlobals) = postSolution
		SolutionGuid = {8D756F78-A6F9-4DF3-ACF8-982CEE7FB017}
	EndGlobalSection
EndGlobal
