
Microsoft Visual Studio Solution File, Format Version 12.00
# Visual Studio Version 17
VisualStudioVersion = 17.0.32126.317
MinimumVisualStudioVersion = 10.0.40219.1
Project("{FAE04EC0-301F-11D3-BF4B-00C04F79EFBC}") = "ChuckNorris", "ChuckNorris\ChuckNorris.csproj", "{3226092D-524A-4E21-BE51-BDDBFE056334}"
EndProject
Global
	GlobalSection(SolutionConfigurationPlatforms) = preSolution
		Debug|Any CPU = Debug|Any CPU
		Release|Any CPU = Release|Any CPU
	EndGlobalSection
	GlobalSection(ProjectConfigurationPlatforms) = postSolution
		{3226092D-524A-4E21-BE51-BDDBFE056334}.Debug|Any CPU.ActiveCfg = Debug|Any CPU
		{3226092D-524A-4E21-BE51-BDDBFE056334}.Debug|Any CPU.Build.0 = Debug|Any CPU
		{3226092D-524A-4E21-BE51-BDDBFE056334}.Release|Any CPU.ActiveCfg = Release|Any CPU
		{3226092D-524A-4E21-BE51-BDDBFE056334}.Release|Any CPU.Build.0 = Release|Any CPU
	EndGlobalSection
	GlobalSection(SolutionProperties) = preSolution
		HideSolutionNode = FALSE
	EndGlobalSection
	GlobalSection(ExtensibilityGlobals) = postSolution
		SolutionGuid = {C56637E1-73F5-4E50-A701-A1DA3F9CD6F4}
	EndGlobalSection
EndGlobal
