
Microsoft Visual Studio Solution File, Format Version 12.00
# Visual Studio 15
VisualStudioVersion = 15.0.28010.2016
MinimumVisualStudioVersion = 10.0.40219.1
Project("{FAE04EC0-301F-11D3-BF4B-00C04F79EFBC}") = "Animals", "Animals\Animals.csproj", "{159B5F47-C90D-473A-8724-A3C9A9C86623}"
EndProject
Project("{FAE04EC0-301F-11D3-BF4B-00C04F79EFBC}") = "AnimalsTests", "AnimalsTests\AnimalsTests.csproj", "{73EEB24C-86F6-4297-9210-9731E090BCD2}"
EndProject
Project("{FAE04EC0-301F-11D3-BF4B-00C04F79EFBC}") = "RandomList", "RandomList\RandomList.csproj", "{C24C2460-ADAB-4A0F-8B1C-49239C916340}"
EndProject
Project("{FAE04EC0-301F-11D3-BF4B-00C04F79EFBC}") = "RandomListTests", "RandomListTests\RandomListTests.csproj", "{A0FFC3D8-CF87-48CF-ADEA-C5AF0AC8A015}"
EndProject
Project("{FAE04EC0-301F-11D3-BF4B-00C04F79EFBC}") = "StringsStackTest", "StringsStackTest\StringsStackTest.csproj", "{4AE3AA9A-28BD-4789-81F2-96C2002D87C1}"
EndProject
Project("{FAE04EC0-301F-11D3-BF4B-00C04F79EFBC}") = "StringsStack", "StringsStack\StringsStack.csproj", "{3DBEA19C-1E9B-4568-A449-C16EAD0FE42D}"
EndProject
Project("{FAE04EC0-301F-11D3-BF4B-00C04F79EFBC}") = "ColorFigures", "ColorFigures\ColorFigures.csproj", "{ED08FDFE-EE58-41D2-8D5E-DF5D9C572902}"
EndProject
Project("{FAE04EC0-301F-11D3-BF4B-00C04F79EFBC}") = "ColorFiguresTests", "ColorFiguresTests\ColorFiguresTests.csproj", "{6643D426-E678-4A5F-98FE-37982F514DA0}"
EndProject
Project("{FAE04EC0-301F-11D3-BF4B-00C04F79EFBC}") = "Figures", "Figures\Figures.csproj", "{71019F9D-89B6-4916-9950-8E4C98681EBB}"
EndProject
Project("{FAE04EC0-301F-11D3-BF4B-00C04F79EFBC}") = "Cars", "Cars\Cars.csproj", "{D7899C40-B4C5-4179-AA07-6D8B6BC9EE31}"
EndProject
Global
	GlobalSection(SolutionConfigurationPlatforms) = preSolution
		Debug|Any CPU = Debug|Any CPU
		Release|Any CPU = Release|Any CPU
	EndGlobalSection
	GlobalSection(ProjectConfigurationPlatforms) = postSolution
		{159B5F47-C90D-473A-8724-A3C9A9C86623}.Debug|Any CPU.ActiveCfg = Debug|Any CPU
		{159B5F47-C90D-473A-8724-A3C9A9C86623}.Debug|Any CPU.Build.0 = Debug|Any CPU
		{159B5F47-C90D-473A-8724-A3C9A9C86623}.Release|Any CPU.ActiveCfg = Release|Any CPU
		{159B5F47-C90D-473A-8724-A3C9A9C86623}.Release|Any CPU.Build.0 = Release|Any CPU
		{73EEB24C-86F6-4297-9210-9731E090BCD2}.Debug|Any CPU.ActiveCfg = Debug|Any CPU
		{73EEB24C-86F6-4297-9210-9731E090BCD2}.Debug|Any CPU.Build.0 = Debug|Any CPU
		{73EEB24C-86F6-4297-9210-9731E090BCD2}.Release|Any CPU.ActiveCfg = Release|Any CPU
		{73EEB24C-86F6-4297-9210-9731E090BCD2}.Release|Any CPU.Build.0 = Release|Any CPU
		{C24C2460-ADAB-4A0F-8B1C-49239C916340}.Debug|Any CPU.ActiveCfg = Debug|Any CPU
		{C24C2460-ADAB-4A0F-8B1C-49239C916340}.Debug|Any CPU.Build.0 = Debug|Any CPU
		{C24C2460-ADAB-4A0F-8B1C-49239C916340}.Release|Any CPU.ActiveCfg = Release|Any CPU
		{C24C2460-ADAB-4A0F-8B1C-49239C916340}.Release|Any CPU.Build.0 = Release|Any CPU
		{A0FFC3D8-CF87-48CF-ADEA-C5AF0AC8A015}.Debug|Any CPU.ActiveCfg = Debug|Any CPU
		{A0FFC3D8-CF87-48CF-ADEA-C5AF0AC8A015}.Debug|Any CPU.Build.0 = Debug|Any CPU
		{A0FFC3D8-CF87-48CF-ADEA-C5AF0AC8A015}.Release|Any CPU.ActiveCfg = Release|Any CPU
		{A0FFC3D8-CF87-48CF-ADEA-C5AF0AC8A015}.Release|Any CPU.Build.0 = Release|Any CPU
		{4AE3AA9A-28BD-4789-81F2-96C2002D87C1}.Debug|Any CPU.ActiveCfg = Debug|Any CPU
		{4AE3AA9A-28BD-4789-81F2-96C2002D87C1}.Debug|Any CPU.Build.0 = Debug|Any CPU
		{4AE3AA9A-28BD-4789-81F2-96C2002D87C1}.Release|Any CPU.ActiveCfg = Release|Any CPU
		{4AE3AA9A-28BD-4789-81F2-96C2002D87C1}.Release|Any CPU.Build.0 = Release|Any CPU
		{3DBEA19C-1E9B-4568-A449-C16EAD0FE42D}.Debug|Any CPU.ActiveCfg = Debug|Any CPU
		{3DBEA19C-1E9B-4568-A449-C16EAD0FE42D}.Debug|Any CPU.Build.0 = Debug|Any CPU
		{3DBEA19C-1E9B-4568-A449-C16EAD0FE42D}.Release|Any CPU.ActiveCfg = Release|Any CPU
		{3DBEA19C-1E9B-4568-A449-C16EAD0FE42D}.Release|Any CPU.Build.0 = Release|Any CPU
		{ED08FDFE-EE58-41D2-8D5E-DF5D9C572902}.Debug|Any CPU.ActiveCfg = Debug|Any CPU
		{ED08FDFE-EE58-41D2-8D5E-DF5D9C572902}.Debug|Any CPU.Build.0 = Debug|Any CPU
		{ED08FDFE-EE58-41D2-8D5E-DF5D9C572902}.Release|Any CPU.ActiveCfg = Release|Any CPU
		{ED08FDFE-EE58-41D2-8D5E-DF5D9C572902}.Release|Any CPU.Build.0 = Release|Any CPU
		{6643D426-E678-4A5F-98FE-37982F514DA0}.Debug|Any CPU.ActiveCfg = Debug|Any CPU
		{6643D426-E678-4A5F-98FE-37982F514DA0}.Debug|Any CPU.Build.0 = Debug|Any CPU
		{6643D426-E678-4A5F-98FE-37982F514DA0}.Release|Any CPU.ActiveCfg = Release|Any CPU
		{6643D426-E678-4A5F-98FE-37982F514DA0}.Release|Any CPU.Build.0 = Release|Any CPU
		{71019F9D-89B6-4916-9950-8E4C98681EBB}.Debug|Any CPU.ActiveCfg = Debug|Any CPU
		{71019F9D-89B6-4916-9950-8E4C98681EBB}.Debug|Any CPU.Build.0 = Debug|Any CPU
		{71019F9D-89B6-4916-9950-8E4C98681EBB}.Release|Any CPU.ActiveCfg = Release|Any CPU
		{71019F9D-89B6-4916-9950-8E4C98681EBB}.Release|Any CPU.Build.0 = Release|Any CPU
		{D7899C40-B4C5-4179-AA07-6D8B6BC9EE31}.Debug|Any CPU.ActiveCfg = Debug|Any CPU
		{D7899C40-B4C5-4179-AA07-6D8B6BC9EE31}.Debug|Any CPU.Build.0 = Debug|Any CPU
		{D7899C40-B4C5-4179-AA07-6D8B6BC9EE31}.Release|Any CPU.ActiveCfg = Release|Any CPU
		{D7899C40-B4C5-4179-AA07-6D8B6BC9EE31}.Release|Any CPU.Build.0 = Release|Any CPU
	EndGlobalSection
	GlobalSection(SolutionProperties) = preSolution
		HideSolutionNode = FALSE
	EndGlobalSection
	GlobalSection(ExtensibilityGlobals) = postSolution
		SolutionGuid = {5A290377-B869-48B3-82D8-72D01BE82747}
	EndGlobalSection
EndGlobal
