
Microsoft Visual Studio Solution File, Format Version 12.00
# Visual Studio Version 16
VisualStudioVersion = 16.0.29020.237
MinimumVisualStudioVersion = 10.0.40219.1
Project("{FAE04EC0-301F-11D3-BF4B-00C04F79EFBC}") = "ReversedList", "ReversedList\ReversedList.csproj", "{D3865A38-6977-4393-95B1-E715AB6D09D4}"
EndProject
Project("{FAE04EC0-301F-11D3-BF4B-00C04F79EFBC}") = "DoublyLinkedList", "DoublyLinkedList\DoublyLinkedList.csproj", "{4F60B024-7C91-4D21-9A17-ACE7F0A8F47F}"
EndProject
Project("{FAE04EC0-301F-11D3-BF4B-00C04F79EFBC}") = "LinkedQueue", "LinkedQueue\LinkedQueue.csproj", "{DB3373C0-3F3E-437F-91CD-05FB5E546AC5}"
EndProject
Project("{FAE04EC0-301F-11D3-BF4B-00C04F79EFBC}") = "LinkedStack", "LinkedStack\LinkedStack.csproj", "{E84ECC01-529A-4759-A4D5-F9B05B47CEBE}"
EndProject
Global
	GlobalSection(SolutionConfigurationPlatforms) = preSolution
		Debug|Any CPU = Debug|Any CPU
		Release|Any CPU = Release|Any CPU
	EndGlobalSection
	GlobalSection(ProjectConfigurationPlatforms) = postSolution
		{D3865A38-6977-4393-95B1-E715AB6D09D4}.Debug|Any CPU.ActiveCfg = Debug|Any CPU
		{D3865A38-6977-4393-95B1-E715AB6D09D4}.Debug|Any CPU.Build.0 = Debug|Any CPU
		{D3865A38-6977-4393-95B1-E715AB6D09D4}.Release|Any CPU.ActiveCfg = Release|Any CPU
		{D3865A38-6977-4393-95B1-E715AB6D09D4}.Release|Any CPU.Build.0 = Release|Any CPU
		{4F60B024-7C91-4D21-9A17-ACE7F0A8F47F}.Debug|Any CPU.ActiveCfg = Debug|Any CPU
		{4F60B024-7C91-4D21-9A17-ACE7F0A8F47F}.Debug|Any CPU.Build.0 = Debug|Any CPU
		{4F60B024-7C91-4D21-9A17-ACE7F0A8F47F}.Release|Any CPU.ActiveCfg = Release|Any CPU
		{4F60B024-7C91-4D21-9A17-ACE7F0A8F47F}.Release|Any CPU.Build.0 = Release|Any CPU
		{DB3373C0-3F3E-437F-91CD-05FB5E546AC5}.Debug|Any CPU.ActiveCfg = Debug|Any CPU
		{DB3373C0-3F3E-437F-91CD-05FB5E546AC5}.Debug|Any CPU.Build.0 = Debug|Any CPU
		{DB3373C0-3F3E-437F-91CD-05FB5E546AC5}.Release|Any CPU.ActiveCfg = Release|Any CPU
		{DB3373C0-3F3E-437F-91CD-05FB5E546AC5}.Release|Any CPU.Build.0 = Release|Any CPU
		{E84ECC01-529A-4759-A4D5-F9B05B47CEBE}.Debug|Any CPU.ActiveCfg = Debug|Any CPU
		{E84ECC01-529A-4759-A4D5-F9B05B47CEBE}.Debug|Any CPU.Build.0 = Debug|Any CPU
		{E84ECC01-529A-4759-A4D5-F9B05B47CEBE}.Release|Any CPU.ActiveCfg = Release|Any CPU
		{E84ECC01-529A-4759-A4D5-F9B05B47CEBE}.Release|Any CPU.Build.0 = Release|Any CPU
	EndGlobalSection
	GlobalSection(SolutionProperties) = preSolution
		HideSolutionNode = FALSE
	EndGlobalSection
	GlobalSection(ExtensibilityGlobals) = postSolution
		SolutionGuid = {4C7FA95D-5058-4900-A3AE-62329740B4E3}
	EndGlobalSection
EndGlobal
