
Microsoft Visual Studio Solution File, Format Version 12.00
# Visual Studio Version 16
VisualStudioVersion = 16.0.31019.35
MinimumVisualStudioVersion = 10.0.40219.1
Project("{9A19103F-16F7-4668-BE54-9A1E7A4F7556}") = "1. Chuck Norris Jokes", "1. Chuck Norris Jokes\1. Chuck Norris Jokes.csproj", "{C94F5968-7E9E-42C9-85EA-EBB0FD857DAE}"
EndProject
Project("{FAE04EC0-301F-11D3-BF4B-00C04F79EFBC}") = "2. Products", "2. Products\2. Products.csproj", "{62FE5EB0-6E4B-4135-A85F-7D2A0525DB15}"
EndProject
Project("{FAE04EC0-301F-11D3-BF4B-00C04F79EFBC}") = "3. Tesseract", "3. Tesseract\3. Tesseract.csproj", "{4837F2E1-4B9A-4291-AF29-B201F9C77AFD}"
EndProject
Global
	GlobalSection(SolutionConfigurationPlatforms) = preSolution
		Debug|Any CPU = Debug|Any CPU
		Release|Any CPU = Release|Any CPU
	EndGlobalSection
	GlobalSection(ProjectConfigurationPlatforms) = postSolution
		{C94F5968-7E9E-42C9-85EA-EBB0FD857DAE}.Debug|Any CPU.ActiveCfg = Debug|Any CPU
		{C94F5968-7E9E-42C9-85EA-EBB0FD857DAE}.Debug|Any CPU.Build.0 = Debug|Any CPU
		{C94F5968-7E9E-42C9-85EA-EBB0FD857DAE}.Release|Any CPU.ActiveCfg = Release|Any CPU
		{C94F5968-7E9E-42C9-85EA-EBB0FD857DAE}.Release|Any CPU.Build.0 = Release|Any CPU
		{62FE5EB0-6E4B-4135-A85F-7D2A0525DB15}.Debug|Any CPU.ActiveCfg = Debug|Any CPU
		{62FE5EB0-6E4B-4135-A85F-7D2A0525DB15}.Debug|Any CPU.Build.0 = Debug|Any CPU
		{62FE5EB0-6E4B-4135-A85F-7D2A0525DB15}.Release|Any CPU.ActiveCfg = Release|Any CPU
		{62FE5EB0-6E4B-4135-A85F-7D2A0525DB15}.Release|Any CPU.Build.0 = Release|Any CPU
		{4837F2E1-4B9A-4291-AF29-B201F9C77AFD}.Debug|Any CPU.ActiveCfg = Debug|Any CPU
		{4837F2E1-4B9A-4291-AF29-B201F9C77AFD}.Debug|Any CPU.Build.0 = Debug|Any CPU
		{4837F2E1-4B9A-4291-AF29-B201F9C77AFD}.Release|Any CPU.ActiveCfg = Release|Any CPU
		{4837F2E1-4B9A-4291-AF29-B201F9C77AFD}.Release|Any CPU.Build.0 = Release|Any CPU
	EndGlobalSection
	GlobalSection(SolutionProperties) = preSolution
		HideSolutionNode = FALSE
	EndGlobalSection
	GlobalSection(ExtensibilityGlobals) = postSolution
		SolutionGuid = {382C048D-CA63-4460-B9ED-43EEBDBE1658}
	EndGlobalSection
EndGlobal
