
Microsoft Visual Studio Solution File, Format Version 12.00
# Visual Studio Version 17
VisualStudioVersion = 17.0.32126.317
MinimumVisualStudioVersion = 10.0.40219.1
Project("{FAE04EC0-301F-11D3-BF4B-00C04F79EFBC}") = "MiniORM", "MiniORM\MiniORM.csproj", "{2EF5C250-4698-4FD7-A2DD-15AA37398C52}"
EndProject
Global
	GlobalSection(SolutionConfigurationPlatforms) = preSolution
		Debug|Any CPU = Debug|Any CPU
		Release|Any CPU = Release|Any CPU
	EndGlobalSection
	GlobalSection(ProjectConfigurationPlatforms) = postSolution
		{2EF5C250-4698-4FD7-A2DD-15AA37398C52}.Debug|Any CPU.ActiveCfg = Debug|Any CPU
		{2EF5C250-4698-4FD7-A2DD-15AA37398C52}.Debug|Any CPU.Build.0 = Debug|Any CPU
		{2EF5C250-4698-4FD7-A2DD-15AA37398C52}.Release|Any CPU.ActiveCfg = Release|Any CPU
		{2EF5C250-4698-4FD7-A2DD-15AA37398C52}.Release|Any CPU.Build.0 = Release|Any CPU
	EndGlobalSection
	GlobalSection(SolutionProperties) = preSolution
		HideSolutionNode = FALSE
	EndGlobalSection
	GlobalSection(ExtensibilityGlobals) = postSolution
		SolutionGuid = {183394B0-7BD3-4027-A328-7E4F5D1BFBAA}
	EndGlobalSection
EndGlobal
