
Microsoft Visual Studio Solution File, Format Version 12.00
# Visual Studio Version 16
VisualStudioVersion = 16.0.30503.244
MinimumVisualStudioVersion = 10.0.40219.1
Project("{9A19103F-16F7-4668-BE54-9A1E7A4F7556}") = "0. Demo", "0. Demo\0. Demo.csproj", "{8DB53127-0158-467F-B4D2-087DF56063E1}"
EndProject
Project("{2150E333-8FDC-42A3-9474-1A3956D46DE8}") = "Solution Items", "Solution Items", "{75E73EA2-D610-470D-831C-9C447376DB4D}"
	ProjectSection(SolutionItems) = preProject
		readme.md = readme.md
	EndProjectSection
EndProject
Project("{9A19103F-16F7-4668-BE54-9A1E7A4F7556}") = "1. Combonatorics", "1. Combonatorics\1. Combonatorics.csproj", "{8400A72F-C895-439C-ABD3-A3F8C3993707}"
EndProject
Project("{FAE04EC0-301F-11D3-BF4B-00C04F79EFBC}") = "2. ParmutationTask", "2. ParmutationTask\2. ParmutationTask.csproj", "{49FF3580-3DE7-4C14-8273-E2567D240341}"
EndProject
Project("{FAE04EC0-301F-11D3-BF4B-00C04F79EFBC}") = "3. ZeroSum", "3. ZeroSum\3. ZeroSum.csproj", "{CC9F8A56-D7AC-43FF-989E-2EF8994BC577}"
EndProject
Project("{FAE04EC0-301F-11D3-BF4B-00C04F79EFBC}") = "4. Number Decomposition as Sum", "4. Number Decomposition as Sum\4. Number Decomposition as Sum.csproj", "{A7F8421E-7421-435E-93EA-2162E8D55544}"
EndProject
Project("{FAE04EC0-301F-11D3-BF4B-00C04F79EFBC}") = "5. Number Decomposition as Multiplication", "5. Number Decomposition as Multiplication\5. Number Decomposition as Multiplication.csproj", "{83EE6771-24C2-4F52-A367-A5ACB4E41E77}"
EndProject
Project("{FAE04EC0-301F-11D3-BF4B-00C04F79EFBC}") = "6. Number Decomposition as Sum of Given Numbers", "6. Number Decomposition as Sum of Given Numbers\6. Number Decomposition as Sum of Given Numbers.csproj", "{01E504AB-EE23-4748-BAA4-DE155954FC66}"
EndProject
Global
	GlobalSection(SolutionConfigurationPlatforms) = preSolution
		Debug|Any CPU = Debug|Any CPU
		Release|Any CPU = Release|Any CPU
	EndGlobalSection
	GlobalSection(ProjectConfigurationPlatforms) = postSolution
		{8DB53127-0158-467F-B4D2-087DF56063E1}.Debug|Any CPU.ActiveCfg = Debug|Any CPU
		{8DB53127-0158-467F-B4D2-087DF56063E1}.Debug|Any CPU.Build.0 = Debug|Any CPU
		{8DB53127-0158-467F-B4D2-087DF56063E1}.Release|Any CPU.ActiveCfg = Release|Any CPU
		{8DB53127-0158-467F-B4D2-087DF56063E1}.Release|Any CPU.Build.0 = Release|Any CPU
		{8400A72F-C895-439C-ABD3-A3F8C3993707}.Debug|Any CPU.ActiveCfg = Debug|Any CPU
		{8400A72F-C895-439C-ABD3-A3F8C3993707}.Debug|Any CPU.Build.0 = Debug|Any CPU
		{8400A72F-C895-439C-ABD3-A3F8C3993707}.Release|Any CPU.ActiveCfg = Release|Any CPU
		{8400A72F-C895-439C-ABD3-A3F8C3993707}.Release|Any CPU.Build.0 = Release|Any CPU
		{49FF3580-3DE7-4C14-8273-E2567D240341}.Debug|Any CPU.ActiveCfg = Debug|Any CPU
		{49FF3580-3DE7-4C14-8273-E2567D240341}.Debug|Any CPU.Build.0 = Debug|Any CPU
		{49FF3580-3DE7-4C14-8273-E2567D240341}.Release|Any CPU.ActiveCfg = Release|Any CPU
		{49FF3580-3DE7-4C14-8273-E2567D240341}.Release|Any CPU.Build.0 = Release|Any CPU
		{CC9F8A56-D7AC-43FF-989E-2EF8994BC577}.Debug|Any CPU.ActiveCfg = Debug|Any CPU
		{CC9F8A56-D7AC-43FF-989E-2EF8994BC577}.Debug|Any CPU.Build.0 = Debug|Any CPU
		{CC9F8A56-D7AC-43FF-989E-2EF8994BC577}.Release|Any CPU.ActiveCfg = Release|Any CPU
		{CC9F8A56-D7AC-43FF-989E-2EF8994BC577}.Release|Any CPU.Build.0 = Release|Any CPU
		{A7F8421E-7421-435E-93EA-2162E8D55544}.Debug|Any CPU.ActiveCfg = Debug|Any CPU
		{A7F8421E-7421-435E-93EA-2162E8D55544}.Debug|Any CPU.Build.0 = Debug|Any CPU
		{A7F8421E-7421-435E-93EA-2162E8D55544}.Release|Any CPU.ActiveCfg = Release|Any CPU
		{A7F8421E-7421-435E-93EA-2162E8D55544}.Release|Any CPU.Build.0 = Release|Any CPU
		{83EE6771-24C2-4F52-A367-A5ACB4E41E77}.Debug|Any CPU.ActiveCfg = Debug|Any CPU
		{83EE6771-24C2-4F52-A367-A5ACB4E41E77}.Debug|Any CPU.Build.0 = Debug|Any CPU
		{83EE6771-24C2-4F52-A367-A5ACB4E41E77}.Release|Any CPU.ActiveCfg = Release|Any CPU
		{83EE6771-24C2-4F52-A367-A5ACB4E41E77}.Release|Any CPU.Build.0 = Release|Any CPU
		{01E504AB-EE23-4748-BAA4-DE155954FC66}.Debug|Any CPU.ActiveCfg = Debug|Any CPU
		{01E504AB-EE23-4748-BAA4-DE155954FC66}.Debug|Any CPU.Build.0 = Debug|Any CPU
		{01E504AB-EE23-4748-BAA4-DE155954FC66}.Release|Any CPU.ActiveCfg = Release|Any CPU
		{01E504AB-EE23-4748-BAA4-DE155954FC66}.Release|Any CPU.Build.0 = Release|Any CPU
	EndGlobalSection
	GlobalSection(SolutionProperties) = preSolution
		HideSolutionNode = FALSE
	EndGlobalSection
	GlobalSection(ExtensibilityGlobals) = postSolution
		SolutionGuid = {522EAB5A-683B-4ED2-977B-78FE21239137}
	EndGlobalSection
EndGlobal
