
Microsoft Visual Studio Solution File, Format Version 12.00
# Visual Studio Version 16
VisualStudioVersion = 16.0.29025.244
MinimumVisualStudioVersion = 10.0.40219.1
Project("{FAE04EC0-301F-11D3-BF4B-00C04F79EFBC}") = "Game", "Game\Game.csproj", "{4A048DA7-1F1D-4652-9F6B-D4FB6622E43F}"
EndProject
Project("{FAE04EC0-301F-11D3-BF4B-00C04F79EFBC}") = "Product", "Product\Product.csproj", "{72727DAF-2B4A-4FED-ACC7-A24FEE4F8432}"
EndProject
Project("{FAE04EC0-301F-11D3-BF4B-00C04F79EFBC}") = "Train", "Train\Train.csproj", "{C362D216-4903-449B-96C4-687E3F4C7263}"
EndProject
Global
	GlobalSection(SolutionConfigurationPlatforms) = preSolution
		Debug|Any CPU = Debug|Any CPU
		Release|Any CPU = Release|Any CPU
	EndGlobalSection
	GlobalSection(ProjectConfigurationPlatforms) = postSolution
		{4A048DA7-1F1D-4652-9F6B-D4FB6622E43F}.Debug|Any CPU.ActiveCfg = Debug|Any CPU
		{4A048DA7-1F1D-4652-9F6B-D4FB6622E43F}.Debug|Any CPU.Build.0 = Debug|Any CPU
		{4A048DA7-1F1D-4652-9F6B-D4FB6622E43F}.Release|Any CPU.ActiveCfg = Release|Any CPU
		{4A048DA7-1F1D-4652-9F6B-D4FB6622E43F}.Release|Any CPU.Build.0 = Release|Any CPU
		{72727DAF-2B4A-4FED-ACC7-A24FEE4F8432}.Debug|Any CPU.ActiveCfg = Debug|Any CPU
		{72727DAF-2B4A-4FED-ACC7-A24FEE4F8432}.Debug|Any CPU.Build.0 = Debug|Any CPU
		{72727DAF-2B4A-4FED-ACC7-A24FEE4F8432}.Release|Any CPU.ActiveCfg = Release|Any CPU
		{72727DAF-2B4A-4FED-ACC7-A24FEE4F8432}.Release|Any CPU.Build.0 = Release|Any CPU
		{C362D216-4903-449B-96C4-687E3F4C7263}.Debug|Any CPU.ActiveCfg = Debug|Any CPU
		{C362D216-4903-449B-96C4-687E3F4C7263}.Debug|Any CPU.Build.0 = Debug|Any CPU
		{C362D216-4903-449B-96C4-687E3F4C7263}.Release|Any CPU.ActiveCfg = Release|Any CPU
		{C362D216-4903-449B-96C4-687E3F4C7263}.Release|Any CPU.Build.0 = Release|Any CPU
	EndGlobalSection
	GlobalSection(SolutionProperties) = preSolution
		HideSolutionNode = FALSE
	EndGlobalSection
	GlobalSection(ExtensibilityGlobals) = postSolution
		SolutionGuid = {48580B6E-6783-45B7-9153-CB147589C00F}
	EndGlobalSection
EndGlobal
